// !$*UTF8*$!
{
	archiveVersion = 1;
	classes = {
	};
	objectVersion = 56;
	objects = {

/* Begin PBXBuildFile section */
		EE01AA38297967E600856C26 /* Binding+.swift in Sources */ = {isa = PBXBuildFile; fileRef = EE01AA37297967E600856C26 /* Binding+.swift */; };
		EE0930EE296B55D300455CEC /* giphy-unscreen.gif in Resources */ = {isa = PBXBuildFile; fileRef = EE0930ED296B55D300455CEC /* giphy-unscreen.gif */; };
		EE0930F0296B560E00455CEC /* DogGifImageView.swift in Sources */ = {isa = PBXBuildFile; fileRef = EE0930EF296B560E00455CEC /* DogGifImageView.swift */; };
		EE1288A529842D480048152A /* CrewPlayerCellView.swift in Sources */ = {isa = PBXBuildFile; fileRef = EE1288A429842D480048152A /* CrewPlayerCellView.swift */; };
		EE1288A7298430510048152A /* CrewDetailViewModel.swift in Sources */ = {isa = PBXBuildFile; fileRef = EE1288A6298430510048152A /* CrewDetailViewModel.swift */; };
		EE144001295B3FC7005E6898 /* MapView.swift in Sources */ = {isa = PBXBuildFile; fileRef = EE144000295B3FC7005E6898 /* MapView.swift */; };
		EE14866C295DD4750034F939 /* EarthAnimationCode.swift in Sources */ = {isa = PBXBuildFile; fileRef = EE14866B295DD4750034F939 /* EarthAnimationCode.swift */; };
		EE14866E295DD5150034F939 /* TwoPlayerRunningView.swift in Sources */ = {isa = PBXBuildFile; fileRef = EE14866D295DD5150034F939 /* TwoPlayerRunningView.swift */; };
		EE28058729799861007F0ADF /* ClockView.swift in Sources */ = {isa = PBXBuildFile; fileRef = EE28058629799860007F0ADF /* ClockView.swift */; };
		EE2E1A5C2961EBAC009F4F33 /* IncazeWatchApp.swift in Sources */ = {isa = PBXBuildFile; fileRef = EE2E1A5B2961EBAC009F4F33 /* IncazeWatchApp.swift */; };
		EE2E1A5E2961EBAC009F4F33 /* ContentView.swift in Sources */ = {isa = PBXBuildFile; fileRef = EE2E1A5D2961EBAC009F4F33 /* ContentView.swift */; };
		EE2E1A602961EBAE009F4F33 /* Assets.xcassets in Resources */ = {isa = PBXBuildFile; fileRef = EE2E1A5F2961EBAE009F4F33 /* Assets.xcassets */; };
		EE2E1A632961EBAE009F4F33 /* Preview Assets.xcassets in Resources */ = {isa = PBXBuildFile; fileRef = EE2E1A622961EBAE009F4F33 /* Preview Assets.xcassets */; };
		EE2E1A6929620240009F4F33 /* SearchViewModel.swift in Sources */ = {isa = PBXBuildFile; fileRef = EE2E1A6829620240009F4F33 /* SearchViewModel.swift */; };
		EE302726296C48B3009A7F6B /* RunningViewModel.swift in Sources */ = {isa = PBXBuildFile; fileRef = EE302725296C48B3009A7F6B /* RunningViewModel.swift */; };
		EE30272B296C5FD8009A7F6B /* Incaze.xcdatamodeld in Sources */ = {isa = PBXBuildFile; fileRef = EE302729296C5FD8009A7F6B /* Incaze.xcdatamodeld */; };
		EE3D10722940019E0010181B /* IncazeApp.swift in Sources */ = {isa = PBXBuildFile; fileRef = EE3D10712940019E0010181B /* IncazeApp.swift */; };
		EE3D10742940019E0010181B /* ContentView.swift in Sources */ = {isa = PBXBuildFile; fileRef = EE3D10732940019E0010181B /* ContentView.swift */; };
		EE3D10762940019E0010181B /* Assets.xcassets in Resources */ = {isa = PBXBuildFile; fileRef = EE3D10752940019E0010181B /* Assets.xcassets */; };
		EE3D107A2940019E0010181B /* Preview Assets.xcassets in Resources */ = {isa = PBXBuildFile; fileRef = EE3D10792940019E0010181B /* Preview Assets.xcassets */; };
		EE3D108729400A800010181B /* FirebaseAnalytics in Frameworks */ = {isa = PBXBuildFile; productRef = EE3D108629400A800010181B /* FirebaseAnalytics */; };
		EE3D108929400A800010181B /* FirebaseAuth in Frameworks */ = {isa = PBXBuildFile; productRef = EE3D108829400A800010181B /* FirebaseAuth */; };
		EE3D108B29400A800010181B /* FirebaseCrashlytics in Frameworks */ = {isa = PBXBuildFile; productRef = EE3D108A29400A800010181B /* FirebaseCrashlytics */; };
		EE3D108D29400A800010181B /* FirebaseDatabase in Frameworks */ = {isa = PBXBuildFile; productRef = EE3D108C29400A800010181B /* FirebaseDatabase */; };
		EE3D108F29400A800010181B /* FirebaseDatabaseSwift in Frameworks */ = {isa = PBXBuildFile; productRef = EE3D108E29400A800010181B /* FirebaseDatabaseSwift */; };
		EE3D109129400A800010181B /* FirebaseFirestore in Frameworks */ = {isa = PBXBuildFile; productRef = EE3D109029400A800010181B /* FirebaseFirestore */; };
		EE3D109329400A800010181B /* FirebaseMessaging in Frameworks */ = {isa = PBXBuildFile; productRef = EE3D109229400A800010181B /* FirebaseMessaging */; };
		EE3D1096294010FB0010181B /* ServiceProvider.swift in Sources */ = {isa = PBXBuildFile; fileRef = EE3D1095294010FB0010181B /* ServiceProvider.swift */; };
		EE3D109A294011920010181B /* AuthService.swift in Sources */ = {isa = PBXBuildFile; fileRef = EE3D1099294011920010181B /* AuthService.swift */; };
		EE3D109C294015910010181B /* GoogleAuthService.swift in Sources */ = {isa = PBXBuildFile; fileRef = EE3D109B294015910010181B /* GoogleAuthService.swift */; };
		EE3D10A02940199E0010181B /* GoogleSignIn in Frameworks */ = {isa = PBXBuildFile; productRef = EE3D109F2940199E0010181B /* GoogleSignIn */; };
		EE3D10A629401BD50010181B /* LoginViewModel.swift in Sources */ = {isa = PBXBuildFile; fileRef = EE3D10A529401BD50010181B /* LoginViewModel.swift */; };
		EE3D10A9294022010010181B /* GoogleSignInButton.swift in Sources */ = {isa = PBXBuildFile; fileRef = EE3D10A8294022010010181B /* GoogleSignInButton.swift */; };
		EE3D10AE294025E80010181B /* HomeView.swift in Sources */ = {isa = PBXBuildFile; fileRef = EE3D10AD294025E80010181B /* HomeView.swift */; };
		EE3D10B0294027E00010181B /* LoginView.swift in Sources */ = {isa = PBXBuildFile; fileRef = EE3D10AF294027E00010181B /* LoginView.swift */; };
		EE3D10B2294030730010181B /* GoogleService-Info.plist in Resources */ = {isa = PBXBuildFile; fileRef = EE3D10B1294030730010181B /* GoogleService-Info.plist */; };
		EE43B8D62941A7FB006F5113 /* Key.swift in Sources */ = {isa = PBXBuildFile; fileRef = EE43B8D52941A7FB006F5113 /* Key.swift */; };
		EE43B8D82941A834006F5113 /* UserManager.swift in Sources */ = {isa = PBXBuildFile; fileRef = EE43B8D72941A834006F5113 /* UserManager.swift */; };
		EE48C3672982CBEE004D594A /* ReactiveButtonStyle.swift in Sources */ = {isa = PBXBuildFile; fileRef = EE48C3662982CBEE004D594A /* ReactiveButtonStyle.swift */; };
		EE48C3692982CC87004D594A /* CustomAlertModifier.swift in Sources */ = {isa = PBXBuildFile; fileRef = EE48C3682982CC87004D594A /* CustomAlertModifier.swift */; };
		EE48C36B2982CCB0004D594A /* CustomAlert.swift in Sources */ = {isa = PBXBuildFile; fileRef = EE48C36A2982CCB0004D594A /* CustomAlert.swift */; };
		EE48C36D2982CDC3004D594A /* NewCrewAlertView.swift in Sources */ = {isa = PBXBuildFile; fileRef = EE48C36C2982CDC3004D594A /* NewCrewAlertView.swift */; };
		EE48C36F2982D096004D594A /* CustomTextField.swift in Sources */ = {isa = PBXBuildFile; fileRef = EE48C36E2982D096004D594A /* CustomTextField.swift */; };
		EE48C3732982DA36004D594A /* CrewDetailView.swift in Sources */ = {isa = PBXBuildFile; fileRef = EE48C3722982DA36004D594A /* CrewDetailView.swift */; };
		EE48C3752982DECB004D594A /* CrewInfoHeaderView.swift in Sources */ = {isa = PBXBuildFile; fileRef = EE48C3742982DECB004D594A /* CrewInfoHeaderView.swift */; };
		EE5339932978B22700CDB5A5 /* DependencyManager.swift in Sources */ = {isa = PBXBuildFile; fileRef = EE5339922978B22700CDB5A5 /* DependencyManager.swift */; };
		EE5339952978B8D500CDB5A5 /* RunService.swift in Sources */ = {isa = PBXBuildFile; fileRef = EE5339942978B8D500CDB5A5 /* RunService.swift */; };
		EE5339972978BAD700CDB5A5 /* Parameters.swift in Sources */ = {isa = PBXBuildFile; fileRef = EE5339962978BAD700CDB5A5 /* Parameters.swift */; };
		EE5339992978BAE800CDB5A5 /* Power.swift in Sources */ = {isa = PBXBuildFile; fileRef = EE5339982978BAE800CDB5A5 /* Power.swift */; };
		EE53399B2978BB1F00CDB5A5 /* Energy.swift in Sources */ = {isa = PBXBuildFile; fileRef = EE53399A2978BB1F00CDB5A5 /* Energy.swift */; };
		EE53399D2978BB3800CDB5A5 /* Weight.swift in Sources */ = {isa = PBXBuildFile; fileRef = EE53399C2978BB3800CDB5A5 /* Weight.swift */; };
		EE53399F2978BC4400CDB5A5 /* Timer.swift in Sources */ = {isa = PBXBuildFile; fileRef = EE53399E2978BC4400CDB5A5 /* Timer.swift */; };
		EE5339A12978C2D600CDB5A5 /* Formatters.swift in Sources */ = {isa = PBXBuildFile; fileRef = EE5339A02978C2D600CDB5A5 /* Formatters.swift */; };
		EE5339A32978C8FB00CDB5A5 /* Settings.swift in Sources */ = {isa = PBXBuildFile; fileRef = EE5339A22978C8FB00CDB5A5 /* Settings.swift */; };
		EE5339A52978CF9C00CDB5A5 /* UIVIewController+CustomAlert.swift in Sources */ = {isa = PBXBuildFile; fileRef = EE5339A42978CF9C00CDB5A5 /* UIVIewController+CustomAlert.swift */; };
		EE57A49A297CCC6100051DBB /* MatchingRepository.swift in Sources */ = {isa = PBXBuildFile; fileRef = EE57A499297CCC6100051DBB /* MatchingRepository.swift */; };
		EE60238529405FC300472CD2 /* BoardListView.swift in Sources */ = {isa = PBXBuildFile; fileRef = EE60238429405FC300472CD2 /* BoardListView.swift */; };
		EE6023882940684400472CD2 /* User.swift in Sources */ = {isa = PBXBuildFile; fileRef = EE6023872940684400472CD2 /* User.swift */; };
		EE60238A294080B100472CD2 /* BoardListViewModel.swift in Sources */ = {isa = PBXBuildFile; fileRef = EE602389294080B100472CD2 /* BoardListViewModel.swift */; };
		EE60238C2940870B00472CD2 /* Room.swift in Sources */ = {isa = PBXBuildFile; fileRef = EE60238B2940870B00472CD2 /* Room.swift */; };
		EE60FB1A2974C84D004F82E2 /* AnyTransition+SlideInOut.swift in Sources */ = {isa = PBXBuildFile; fileRef = EE60FB192974C84D004F82E2 /* AnyTransition+SlideInOut.swift */; };
		EE6C517A2949558700028754 /* RingShape.swift in Sources */ = {isa = PBXBuildFile; fileRef = EE6C51792949558700028754 /* RingShape.swift */; };
		EE6C517D294956CD00028754 /* Ring.swift in Sources */ = {isa = PBXBuildFile; fileRef = EE6C517C294956CD00028754 /* Ring.swift */; };
		EE6C517F2949585F00028754 /* CustomRingView.swift in Sources */ = {isa = PBXBuildFile; fileRef = EE6C517E2949585F00028754 /* CustomRingView.swift */; };
		EE76BB482946E466001232ED /* FirebaseFirestoreSwift in Frameworks */ = {isa = PBXBuildFile; productRef = EE76BB472946E466001232ED /* FirebaseFirestoreSwift */; };
		EE9C56B329801921006F36ED /* LocationInfoCellView.swift in Sources */ = {isa = PBXBuildFile; fileRef = EE9C56B229801921006F36ED /* LocationInfoCellView.swift */; };
		EE9C56B529801AA8006F36ED /* TermsOfUseCellView.swift in Sources */ = {isa = PBXBuildFile; fileRef = EE9C56B429801AA8006F36ED /* TermsOfUseCellView.swift */; };
		EEBEAB3F2977F6350069E5FD /* Swinject in Frameworks */ = {isa = PBXBuildFile; productRef = EEBEAB3E2977F6350069E5FD /* Swinject */; };
		EECA0EDA296C06FB004124BE /* LocationPermission.swift in Sources */ = {isa = PBXBuildFile; fileRef = EECA0ED9296C06FB004124BE /* LocationPermission.swift */; };
		EECA0EDC296C0894004124BE /* LocationService.swift in Sources */ = {isa = PBXBuildFile; fileRef = EECA0EDB296C0894004124BE /* LocationService.swift */; };
		EECE28D22984B64B00E2F566 /* CrewListView.swift in Sources */ = {isa = PBXBuildFile; fileRef = EECE28D12984B64B00E2F566 /* CrewListView.swift */; };
		EECE28D52984B6F900E2F566 /* CrewListViewModel.swift in Sources */ = {isa = PBXBuildFile; fileRef = EECE28D42984B6F900E2F566 /* CrewListViewModel.swift */; };
		EECE28D72984B72B00E2F566 /* CrewModel.swift in Sources */ = {isa = PBXBuildFile; fileRef = EECE28D62984B72A00E2F566 /* CrewModel.swift */; };
		EECE28DA2984BEBA00E2F566 /* CrewListCellView.swift in Sources */ = {isa = PBXBuildFile; fileRef = EECE28D92984BEBA00E2F566 /* CrewListCellView.swift */; };
		EED2EBA6297E4E6B0093801F /* Lottie in Frameworks */ = {isa = PBXBuildFile; productRef = EED2EBA5297E4E6B0093801F /* Lottie */; };
		EED2EBA8297E4EB30093801F /* TimesUpView.swift in Sources */ = {isa = PBXBuildFile; fileRef = EED2EBA7297E4EB30093801F /* TimesUpView.swift */; };
		EED2EBAA297E4F070093801F /* TimesUp.json in Resources */ = {isa = PBXBuildFile; fileRef = EED2EBA9297E4F070093801F /* TimesUp.json */; };
		EED2EBAC297E4FD90093801F /* LottieView.swift in Sources */ = {isa = PBXBuildFile; fileRef = EED2EBAB297E4FD90093801F /* LottieView.swift */; };
		EED2EBAF297E59800093801F /* NavigationUtil.swift in Sources */ = {isa = PBXBuildFile; fileRef = EED2EBAE297E59800093801F /* NavigationUtil.swift */; };
		EED2EBB2297E64C70093801F /* RunEndModalView.swift in Sources */ = {isa = PBXBuildFile; fileRef = EED2EBB1297E64C70093801F /* RunEndModalView.swift */; };
		EED2EBB5297E66610093801F /* BasicRunner.json in Resources */ = {isa = PBXBuildFile; fileRef = EED2EBB4297E66610093801F /* BasicRunner.json */; };
		EED2EBB7297E66B00093801F /* BasicRunnerView.swift in Sources */ = {isa = PBXBuildFile; fileRef = EED2EBB6297E66B00093801F /* BasicRunnerView.swift */; };
		EED2EBB9297E6B550093801F /* SpaceMan.json in Resources */ = {isa = PBXBuildFile; fileRef = EED2EBB8297E6B550093801F /* SpaceMan.json */; };
		EED2EBBB297E6E500093801F /* TabbarView.swift in Sources */ = {isa = PBXBuildFile; fileRef = EED2EBBA297E6E500093801F /* TabbarView.swift */; };
		EED2EBBE297E6EE30093801F /* MyPageView.swift in Sources */ = {isa = PBXBuildFile; fileRef = EED2EBBD297E6EE30093801F /* MyPageView.swift */; };
		EED2EBC0297E7ABF0093801F /* PagingTabView.swift in Sources */ = {isa = PBXBuildFile; fileRef = EED2EBBF297E7ABF0093801F /* PagingTabView.swift */; };
		EED6B4B82978E38E00AA1D17 /* SpeedView.swift in Sources */ = {isa = PBXBuildFile; fileRef = EED6B4B72978E38E00AA1D17 /* SpeedView.swift */; };
		EEDACCB32980E49A00216302 /* HealthDataRepository.swift in Sources */ = {isa = PBXBuildFile; fileRef = EEDACCB22980E49A00216302 /* HealthDataRepository.swift */; };
		EEDBFB63295D57040056B14B /* View+.swift in Sources */ = {isa = PBXBuildFile; fileRef = EEDBFB62295D57040056B14B /* View+.swift */; };
		EEDBFB65295D6D490056B14B /* SearchTargetView.swift in Sources */ = {isa = PBXBuildFile; fileRef = EEDBFB64295D6D490056B14B /* SearchTargetView.swift */; };
		EEDBFB67295D73F70056B14B /* MeleeRunView.swift in Sources */ = {isa = PBXBuildFile; fileRef = EEDBFB66295D73F70056B14B /* MeleeRunView.swift */; };
		EEDBFB69295D7E400056B14B /* RunTrackingView.swift in Sources */ = {isa = PBXBuildFile; fileRef = EEDBFB68295D7E400056B14B /* RunTrackingView.swift */; };
		EEDBFB6B295D8E5D0056B14B /* TestView.swift in Sources */ = {isa = PBXBuildFile; fileRef = EEDBFB6A295D8E5D0056B14B /* TestView.swift */; };
		EEDC2F7C297EF0E600719E9A /* RecentButtonCellView.swift in Sources */ = {isa = PBXBuildFile; fileRef = EEDC2F7B297EF0E600719E9A /* RecentButtonCellView.swift */; };
		EEDF747A2980ED8300AC6BDB /* jewel.json in Resources */ = {isa = PBXBuildFile; fileRef = EEDF74792980ED8300AC6BDB /* jewel.json */; };
		EEDF747C2980EE6B00AC6BDB /* Fire.json in Resources */ = {isa = PBXBuildFile; fileRef = EEDF747B2980EE6B00AC6BDB /* Fire.json */; };
		EEE14185297E9BE000EAB656 /* JeepCar.json in Resources */ = {isa = PBXBuildFile; fileRef = EEE14184297E9BE000EAB656 /* JeepCar.json */; };
		EEE2A4EF2941B0810050B91E /* KeychainSwift in Frameworks */ = {isa = PBXBuildFile; productRef = EEE2A4EE2941B0810050B91E /* KeychainSwift */; };
		EEEDDCD229598E090047F3BB /* SearchView.swift in Sources */ = {isa = PBXBuildFile; fileRef = EEEDDCD129598E090047F3BB /* SearchView.swift */; };
		EEF14A892984E7F600368DE1 /* CrewRepository.swift in Sources */ = {isa = PBXBuildFile; fileRef = EEF14A882984E7F600368DE1 /* CrewRepository.swift */; };
		EEF14A8B2984ED7200368DE1 /* Encodable+asDictionary.swift in Sources */ = {isa = PBXBuildFile; fileRef = EEF14A8A2984ED7200368DE1 /* Encodable+asDictionary.swift */; };
		EEF14A8D2984EF3A00368DE1 /* CrewService.swift in Sources */ = {isa = PBXBuildFile; fileRef = EEF14A8C2984EF3A00368DE1 /* CrewService.swift */; };
		EEF449142966CEEE0014687E /* QuizProgressView.swift in Sources */ = {isa = PBXBuildFile; fileRef = EEF449122966CEEE0014687E /* QuizProgressView.swift */; };
		EEF449152966CEEE0014687E /* QuizAnswerButtonView.swift in Sources */ = {isa = PBXBuildFile; fileRef = EEF449132966CEEE0014687E /* QuizAnswerButtonView.swift */; };
		EEF449182966CEF80014687E /* StartQuizModalView.swift in Sources */ = {isa = PBXBuildFile; fileRef = EEF449162966CEF70014687E /* StartQuizModalView.swift */; };
		EEF449192966CEF80014687E /* TimerView.swift in Sources */ = {isa = PBXBuildFile; fileRef = EEF449172966CEF80014687E /* TimerView.swift */; };
		EEF4491D2966D37E0014687E /* ClientQuizView.swift in Sources */ = {isa = PBXBuildFile; fileRef = EEF4491C2966D37E0014687E /* ClientQuizView.swift */; };
		EEFAAFAD297B8ECD006AD71B /* RunningRepository.swift in Sources */ = {isa = PBXBuildFile; fileRef = EEFAAFAC297B8ECD006AD71B /* RunningRepository.swift */; };
		EEFAAFAF297B9847006AD71B /* DatabaseReference+ToAnyPublisher.swift in Sources */ = {isa = PBXBuildFile; fileRef = EEFAAFAE297B9847006AD71B /* DatabaseReference+ToAnyPublisher.swift */; };
		EEFD94132959F7420064AD31 /* FlipView.swift in Sources */ = {isa = PBXBuildFile; fileRef = EEFD94122959F7420064AD31 /* FlipView.swift */; };
		EEFDE017294F209B00A8D142 /* PracticeView.swift in Sources */ = {isa = PBXBuildFile; fileRef = EEFDE016294F209B00A8D142 /* PracticeView.swift */; };
/* End PBXBuildFile section */

/* Begin PBXFileReference section */
		EE01AA37297967E600856C26 /* Binding+.swift */ = {isa = PBXFileReference; lastKnownFileType = sourcecode.swift; path = "Binding+.swift"; sourceTree = "<group>"; };
		EE0930ED296B55D300455CEC /* giphy-unscreen.gif */ = {isa = PBXFileReference; lastKnownFileType = image.gif; path = "giphy-unscreen.gif"; sourceTree = "<group>"; };
		EE0930EF296B560E00455CEC /* DogGifImageView.swift */ = {isa = PBXFileReference; lastKnownFileType = sourcecode.swift; path = DogGifImageView.swift; sourceTree = "<group>"; };
		EE1288A429842D480048152A /* CrewPlayerCellView.swift */ = {isa = PBXFileReference; lastKnownFileType = sourcecode.swift; path = CrewPlayerCellView.swift; sourceTree = "<group>"; };
		EE1288A6298430510048152A /* CrewDetailViewModel.swift */ = {isa = PBXFileReference; lastKnownFileType = sourcecode.swift; path = CrewDetailViewModel.swift; sourceTree = "<group>"; };
		EE144000295B3FC7005E6898 /* MapView.swift */ = {isa = PBXFileReference; lastKnownFileType = sourcecode.swift; path = MapView.swift; sourceTree = "<group>"; };
		EE14866B295DD4750034F939 /* EarthAnimationCode.swift */ = {isa = PBXFileReference; lastKnownFileType = sourcecode.swift; path = EarthAnimationCode.swift; sourceTree = "<group>"; };
		EE14866D295DD5150034F939 /* TwoPlayerRunningView.swift */ = {isa = PBXFileReference; lastKnownFileType = sourcecode.swift; path = TwoPlayerRunningView.swift; sourceTree = "<group>"; };
		EE28058629799860007F0ADF /* ClockView.swift */ = {isa = PBXFileReference; lastKnownFileType = sourcecode.swift; path = ClockView.swift; sourceTree = "<group>"; };
		EE2E1A592961EBAC009F4F33 /* IncazeWatch Watch App.app */ = {isa = PBXFileReference; explicitFileType = wrapper.application; includeInIndex = 0; path = "IncazeWatch Watch App.app"; sourceTree = BUILT_PRODUCTS_DIR; };
		EE2E1A5B2961EBAC009F4F33 /* IncazeWatchApp.swift */ = {isa = PBXFileReference; lastKnownFileType = sourcecode.swift; path = IncazeWatchApp.swift; sourceTree = "<group>"; };
		EE2E1A5D2961EBAC009F4F33 /* ContentView.swift */ = {isa = PBXFileReference; lastKnownFileType = sourcecode.swift; path = ContentView.swift; sourceTree = "<group>"; };
		EE2E1A5F2961EBAE009F4F33 /* Assets.xcassets */ = {isa = PBXFileReference; lastKnownFileType = folder.assetcatalog; path = Assets.xcassets; sourceTree = "<group>"; };
		EE2E1A622961EBAE009F4F33 /* Preview Assets.xcassets */ = {isa = PBXFileReference; lastKnownFileType = folder.assetcatalog; path = "Preview Assets.xcassets"; sourceTree = "<group>"; };
		EE2E1A6829620240009F4F33 /* SearchViewModel.swift */ = {isa = PBXFileReference; lastKnownFileType = sourcecode.swift; path = SearchViewModel.swift; sourceTree = "<group>"; };
		EE302725296C48B3009A7F6B /* RunningViewModel.swift */ = {isa = PBXFileReference; lastKnownFileType = sourcecode.swift; path = RunningViewModel.swift; sourceTree = "<group>"; };
		EE30272A296C5FD8009A7F6B /* Incaze.xcdatamodel */ = {isa = PBXFileReference; lastKnownFileType = wrapper.xcdatamodel; path = Incaze.xcdatamodel; sourceTree = "<group>"; };
		EE3D106E2940019E0010181B /* Incaze.app */ = {isa = PBXFileReference; explicitFileType = wrapper.application; includeInIndex = 0; path = Incaze.app; sourceTree = BUILT_PRODUCTS_DIR; };
		EE3D10712940019E0010181B /* IncazeApp.swift */ = {isa = PBXFileReference; lastKnownFileType = sourcecode.swift; path = IncazeApp.swift; sourceTree = "<group>"; };
		EE3D10732940019E0010181B /* ContentView.swift */ = {isa = PBXFileReference; lastKnownFileType = sourcecode.swift; path = ContentView.swift; sourceTree = "<group>"; };
		EE3D10752940019E0010181B /* Assets.xcassets */ = {isa = PBXFileReference; lastKnownFileType = folder.assetcatalog; path = Assets.xcassets; sourceTree = "<group>"; };
		EE3D10772940019E0010181B /* Incaze.entitlements */ = {isa = PBXFileReference; lastKnownFileType = text.plist.entitlements; path = Incaze.entitlements; sourceTree = "<group>"; };
		EE3D10792940019E0010181B /* Preview Assets.xcassets */ = {isa = PBXFileReference; lastKnownFileType = folder.assetcatalog; path = "Preview Assets.xcassets"; sourceTree = "<group>"; };
		EE3D1095294010FB0010181B /* ServiceProvider.swift */ = {isa = PBXFileReference; lastKnownFileType = sourcecode.swift; path = ServiceProvider.swift; sourceTree = "<group>"; };
		EE3D1099294011920010181B /* AuthService.swift */ = {isa = PBXFileReference; lastKnownFileType = sourcecode.swift; path = AuthService.swift; sourceTree = "<group>"; };
		EE3D109B294015910010181B /* GoogleAuthService.swift */ = {isa = PBXFileReference; lastKnownFileType = sourcecode.swift; path = GoogleAuthService.swift; sourceTree = "<group>"; };
		EE3D10A129401B5D0010181B /* Info.plist */ = {isa = PBXFileReference; lastKnownFileType = text.plist; path = Info.plist; sourceTree = "<group>"; };
		EE3D10A529401BD50010181B /* LoginViewModel.swift */ = {isa = PBXFileReference; lastKnownFileType = sourcecode.swift; path = LoginViewModel.swift; sourceTree = "<group>"; };
		EE3D10A8294022010010181B /* GoogleSignInButton.swift */ = {isa = PBXFileReference; lastKnownFileType = sourcecode.swift; path = GoogleSignInButton.swift; sourceTree = "<group>"; };
		EE3D10AD294025E80010181B /* HomeView.swift */ = {isa = PBXFileReference; lastKnownFileType = sourcecode.swift; path = HomeView.swift; sourceTree = "<group>"; };
		EE3D10AF294027E00010181B /* LoginView.swift */ = {isa = PBXFileReference; lastKnownFileType = sourcecode.swift; path = LoginView.swift; sourceTree = "<group>"; };
		EE3D10B1294030730010181B /* GoogleService-Info.plist */ = {isa = PBXFileReference; fileEncoding = 4; lastKnownFileType = text.plist.xml; path = "GoogleService-Info.plist"; sourceTree = "<group>"; };
		EE43B8D52941A7FB006F5113 /* Key.swift */ = {isa = PBXFileReference; lastKnownFileType = sourcecode.swift; path = Key.swift; sourceTree = "<group>"; };
		EE43B8D72941A834006F5113 /* UserManager.swift */ = {isa = PBXFileReference; lastKnownFileType = sourcecode.swift; path = UserManager.swift; sourceTree = "<group>"; };
		EE48C3662982CBEE004D594A /* ReactiveButtonStyle.swift */ = {isa = PBXFileReference; lastKnownFileType = sourcecode.swift; path = ReactiveButtonStyle.swift; sourceTree = "<group>"; };
		EE48C3682982CC87004D594A /* CustomAlertModifier.swift */ = {isa = PBXFileReference; lastKnownFileType = sourcecode.swift; path = CustomAlertModifier.swift; sourceTree = "<group>"; };
		EE48C36A2982CCB0004D594A /* CustomAlert.swift */ = {isa = PBXFileReference; lastKnownFileType = sourcecode.swift; path = CustomAlert.swift; sourceTree = "<group>"; };
		EE48C36C2982CDC3004D594A /* NewCrewAlertView.swift */ = {isa = PBXFileReference; lastKnownFileType = sourcecode.swift; path = NewCrewAlertView.swift; sourceTree = "<group>"; };
		EE48C36E2982D096004D594A /* CustomTextField.swift */ = {isa = PBXFileReference; lastKnownFileType = sourcecode.swift; path = CustomTextField.swift; sourceTree = "<group>"; };
		EE48C3722982DA36004D594A /* CrewDetailView.swift */ = {isa = PBXFileReference; lastKnownFileType = sourcecode.swift; path = CrewDetailView.swift; sourceTree = "<group>"; };
		EE48C3742982DECB004D594A /* CrewInfoHeaderView.swift */ = {isa = PBXFileReference; lastKnownFileType = sourcecode.swift; path = CrewInfoHeaderView.swift; sourceTree = "<group>"; };
		EE5339922978B22700CDB5A5 /* DependencyManager.swift */ = {isa = PBXFileReference; lastKnownFileType = sourcecode.swift; path = DependencyManager.swift; sourceTree = "<group>"; };
		EE5339942978B8D500CDB5A5 /* RunService.swift */ = {isa = PBXFileReference; lastKnownFileType = sourcecode.swift; path = RunService.swift; sourceTree = "<group>"; };
		EE5339962978BAD700CDB5A5 /* Parameters.swift */ = {isa = PBXFileReference; lastKnownFileType = sourcecode.swift; path = Parameters.swift; sourceTree = "<group>"; };
		EE5339982978BAE800CDB5A5 /* Power.swift */ = {isa = PBXFileReference; lastKnownFileType = sourcecode.swift; path = Power.swift; sourceTree = "<group>"; };
		EE53399A2978BB1F00CDB5A5 /* Energy.swift */ = {isa = PBXFileReference; lastKnownFileType = sourcecode.swift; path = Energy.swift; sourceTree = "<group>"; };
		EE53399C2978BB3800CDB5A5 /* Weight.swift */ = {isa = PBXFileReference; lastKnownFileType = sourcecode.swift; path = Weight.swift; sourceTree = "<group>"; };
		EE53399E2978BC4400CDB5A5 /* Timer.swift */ = {isa = PBXFileReference; lastKnownFileType = sourcecode.swift; path = Timer.swift; sourceTree = "<group>"; };
		EE5339A02978C2D600CDB5A5 /* Formatters.swift */ = {isa = PBXFileReference; lastKnownFileType = sourcecode.swift; path = Formatters.swift; sourceTree = "<group>"; };
		EE5339A22978C8FB00CDB5A5 /* Settings.swift */ = {isa = PBXFileReference; lastKnownFileType = sourcecode.swift; path = Settings.swift; sourceTree = "<group>"; };
		EE5339A42978CF9C00CDB5A5 /* UIVIewController+CustomAlert.swift */ = {isa = PBXFileReference; lastKnownFileType = sourcecode.swift; path = "UIVIewController+CustomAlert.swift"; sourceTree = "<group>"; };
		EE57A499297CCC6100051DBB /* MatchingRepository.swift */ = {isa = PBXFileReference; lastKnownFileType = sourcecode.swift; path = MatchingRepository.swift; sourceTree = "<group>"; };
		EE60238429405FC300472CD2 /* BoardListView.swift */ = {isa = PBXFileReference; lastKnownFileType = sourcecode.swift; path = BoardListView.swift; sourceTree = "<group>"; };
		EE6023872940684400472CD2 /* User.swift */ = {isa = PBXFileReference; lastKnownFileType = sourcecode.swift; path = User.swift; sourceTree = "<group>"; };
		EE602389294080B100472CD2 /* BoardListViewModel.swift */ = {isa = PBXFileReference; lastKnownFileType = sourcecode.swift; path = BoardListViewModel.swift; sourceTree = "<group>"; };
		EE60238B2940870B00472CD2 /* Room.swift */ = {isa = PBXFileReference; lastKnownFileType = sourcecode.swift; path = Room.swift; sourceTree = "<group>"; };
		EE60FB192974C84D004F82E2 /* AnyTransition+SlideInOut.swift */ = {isa = PBXFileReference; lastKnownFileType = sourcecode.swift; path = "AnyTransition+SlideInOut.swift"; sourceTree = "<group>"; };
		EE6C51792949558700028754 /* RingShape.swift */ = {isa = PBXFileReference; lastKnownFileType = sourcecode.swift; path = RingShape.swift; sourceTree = "<group>"; };
		EE6C517C294956CD00028754 /* Ring.swift */ = {isa = PBXFileReference; lastKnownFileType = sourcecode.swift; path = Ring.swift; sourceTree = "<group>"; };
		EE6C517E2949585F00028754 /* CustomRingView.swift */ = {isa = PBXFileReference; lastKnownFileType = sourcecode.swift; path = CustomRingView.swift; sourceTree = "<group>"; };
		EE9C56B229801921006F36ED /* LocationInfoCellView.swift */ = {isa = PBXFileReference; lastKnownFileType = sourcecode.swift; path = LocationInfoCellView.swift; sourceTree = "<group>"; };
		EE9C56B429801AA8006F36ED /* TermsOfUseCellView.swift */ = {isa = PBXFileReference; lastKnownFileType = sourcecode.swift; path = TermsOfUseCellView.swift; sourceTree = "<group>"; };
		EECA0ED9296C06FB004124BE /* LocationPermission.swift */ = {isa = PBXFileReference; lastKnownFileType = sourcecode.swift; path = LocationPermission.swift; sourceTree = "<group>"; };
		EECA0EDB296C0894004124BE /* LocationService.swift */ = {isa = PBXFileReference; lastKnownFileType = sourcecode.swift; path = LocationService.swift; sourceTree = "<group>"; };
		EECE28D12984B64B00E2F566 /* CrewListView.swift */ = {isa = PBXFileReference; lastKnownFileType = sourcecode.swift; path = CrewListView.swift; sourceTree = "<group>"; };
		EECE28D42984B6F900E2F566 /* CrewListViewModel.swift */ = {isa = PBXFileReference; lastKnownFileType = sourcecode.swift; path = CrewListViewModel.swift; sourceTree = "<group>"; };
		EECE28D62984B72A00E2F566 /* CrewModel.swift */ = {isa = PBXFileReference; lastKnownFileType = sourcecode.swift; path = CrewModel.swift; sourceTree = "<group>"; };
		EECE28D92984BEBA00E2F566 /* CrewListCellView.swift */ = {isa = PBXFileReference; lastKnownFileType = sourcecode.swift; path = CrewListCellView.swift; sourceTree = "<group>"; };
		EED2EBA7297E4EB30093801F /* TimesUpView.swift */ = {isa = PBXFileReference; lastKnownFileType = sourcecode.swift; path = TimesUpView.swift; sourceTree = "<group>"; };
		EED2EBA9297E4F070093801F /* TimesUp.json */ = {isa = PBXFileReference; lastKnownFileType = text.json; path = TimesUp.json; sourceTree = "<group>"; };
		EED2EBAB297E4FD90093801F /* LottieView.swift */ = {isa = PBXFileReference; lastKnownFileType = sourcecode.swift; path = LottieView.swift; sourceTree = "<group>"; };
		EED2EBAE297E59800093801F /* NavigationUtil.swift */ = {isa = PBXFileReference; lastKnownFileType = sourcecode.swift; path = NavigationUtil.swift; sourceTree = "<group>"; };
		EED2EBB1297E64C70093801F /* RunEndModalView.swift */ = {isa = PBXFileReference; lastKnownFileType = sourcecode.swift; path = RunEndModalView.swift; sourceTree = "<group>"; };
		EED2EBB4297E66610093801F /* BasicRunner.json */ = {isa = PBXFileReference; lastKnownFileType = text.json; path = BasicRunner.json; sourceTree = "<group>"; };
		EED2EBB6297E66B00093801F /* BasicRunnerView.swift */ = {isa = PBXFileReference; lastKnownFileType = sourcecode.swift; path = BasicRunnerView.swift; sourceTree = "<group>"; };
		EED2EBB8297E6B550093801F /* SpaceMan.json */ = {isa = PBXFileReference; lastKnownFileType = text.json; path = SpaceMan.json; sourceTree = "<group>"; };
		EED2EBBA297E6E500093801F /* TabbarView.swift */ = {isa = PBXFileReference; lastKnownFileType = sourcecode.swift; path = TabbarView.swift; sourceTree = "<group>"; };
		EED2EBBD297E6EE30093801F /* MyPageView.swift */ = {isa = PBXFileReference; lastKnownFileType = sourcecode.swift; path = MyPageView.swift; sourceTree = "<group>"; };
		EED2EBBF297E7ABF0093801F /* PagingTabView.swift */ = {isa = PBXFileReference; lastKnownFileType = sourcecode.swift; path = PagingTabView.swift; sourceTree = "<group>"; };
		EED6B4B72978E38E00AA1D17 /* SpeedView.swift */ = {isa = PBXFileReference; lastKnownFileType = sourcecode.swift; path = SpeedView.swift; sourceTree = "<group>"; };
		EEDACCB22980E49A00216302 /* HealthDataRepository.swift */ = {isa = PBXFileReference; lastKnownFileType = sourcecode.swift; path = HealthDataRepository.swift; sourceTree = "<group>"; };
		EEDBFB62295D57040056B14B /* View+.swift */ = {isa = PBXFileReference; lastKnownFileType = sourcecode.swift; path = "View+.swift"; sourceTree = "<group>"; };
		EEDBFB64295D6D490056B14B /* SearchTargetView.swift */ = {isa = PBXFileReference; lastKnownFileType = sourcecode.swift; path = SearchTargetView.swift; sourceTree = "<group>"; };
		EEDBFB66295D73F70056B14B /* MeleeRunView.swift */ = {isa = PBXFileReference; lastKnownFileType = sourcecode.swift; path = MeleeRunView.swift; sourceTree = "<group>"; };
		EEDBFB68295D7E400056B14B /* RunTrackingView.swift */ = {isa = PBXFileReference; lastKnownFileType = sourcecode.swift; path = RunTrackingView.swift; sourceTree = "<group>"; };
		EEDBFB6A295D8E5D0056B14B /* TestView.swift */ = {isa = PBXFileReference; lastKnownFileType = sourcecode.swift; path = TestView.swift; sourceTree = "<group>"; };
		EEDC2F7B297EF0E600719E9A /* RecentButtonCellView.swift */ = {isa = PBXFileReference; lastKnownFileType = sourcecode.swift; path = RecentButtonCellView.swift; sourceTree = "<group>"; };
		EEDF74792980ED8300AC6BDB /* jewel.json */ = {isa = PBXFileReference; lastKnownFileType = text.json; path = jewel.json; sourceTree = "<group>"; };
		EEDF747B2980EE6B00AC6BDB /* Fire.json */ = {isa = PBXFileReference; lastKnownFileType = text.json; path = Fire.json; sourceTree = "<group>"; };
		EEE14184297E9BE000EAB656 /* JeepCar.json */ = {isa = PBXFileReference; lastKnownFileType = text.json; path = JeepCar.json; sourceTree = "<group>"; };
		EEEDDCD129598E090047F3BB /* SearchView.swift */ = {isa = PBXFileReference; lastKnownFileType = sourcecode.swift; path = SearchView.swift; sourceTree = "<group>"; };
		EEF14A882984E7F600368DE1 /* CrewRepository.swift */ = {isa = PBXFileReference; lastKnownFileType = sourcecode.swift; path = CrewRepository.swift; sourceTree = "<group>"; };
		EEF14A8A2984ED7200368DE1 /* Encodable+asDictionary.swift */ = {isa = PBXFileReference; lastKnownFileType = sourcecode.swift; path = "Encodable+asDictionary.swift"; sourceTree = "<group>"; };
		EEF14A8C2984EF3A00368DE1 /* CrewService.swift */ = {isa = PBXFileReference; lastKnownFileType = sourcecode.swift; path = CrewService.swift; sourceTree = "<group>"; };
		EEF449122966CEEE0014687E /* QuizProgressView.swift */ = {isa = PBXFileReference; fileEncoding = 4; lastKnownFileType = sourcecode.swift; path = QuizProgressView.swift; sourceTree = "<group>"; };
		EEF449132966CEEE0014687E /* QuizAnswerButtonView.swift */ = {isa = PBXFileReference; fileEncoding = 4; lastKnownFileType = sourcecode.swift; path = QuizAnswerButtonView.swift; sourceTree = "<group>"; };
		EEF449162966CEF70014687E /* StartQuizModalView.swift */ = {isa = PBXFileReference; fileEncoding = 4; lastKnownFileType = sourcecode.swift; path = StartQuizModalView.swift; sourceTree = "<group>"; };
		EEF449172966CEF80014687E /* TimerView.swift */ = {isa = PBXFileReference; fileEncoding = 4; lastKnownFileType = sourcecode.swift; path = TimerView.swift; sourceTree = "<group>"; };
		EEF4491C2966D37E0014687E /* ClientQuizView.swift */ = {isa = PBXFileReference; fileEncoding = 4; lastKnownFileType = sourcecode.swift; path = ClientQuizView.swift; sourceTree = "<group>"; };
		EEFAAFAC297B8ECD006AD71B /* RunningRepository.swift */ = {isa = PBXFileReference; lastKnownFileType = sourcecode.swift; path = RunningRepository.swift; sourceTree = "<group>"; };
		EEFAAFAE297B9847006AD71B /* DatabaseReference+ToAnyPublisher.swift */ = {isa = PBXFileReference; lastKnownFileType = sourcecode.swift; path = "DatabaseReference+ToAnyPublisher.swift"; sourceTree = "<group>"; };
		EEFD94122959F7420064AD31 /* FlipView.swift */ = {isa = PBXFileReference; lastKnownFileType = sourcecode.swift; path = FlipView.swift; sourceTree = "<group>"; };
		EEFDE016294F209B00A8D142 /* PracticeView.swift */ = {isa = PBXFileReference; lastKnownFileType = sourcecode.swift; path = PracticeView.swift; sourceTree = "<group>"; };
/* End PBXFileReference section */

/* Begin PBXFrameworksBuildPhase section */
		EE2E1A562961EBAC009F4F33 /* Frameworks */ = {
			isa = PBXFrameworksBuildPhase;
			buildActionMask = 2147483647;
			files = (
			);
			runOnlyForDeploymentPostprocessing = 0;
		};
		EE3D106B2940019E0010181B /* Frameworks */ = {
			isa = PBXFrameworksBuildPhase;
			buildActionMask = 2147483647;
			files = (
				EEE2A4EF2941B0810050B91E /* KeychainSwift in Frameworks */,
				EE3D108F29400A800010181B /* FirebaseDatabaseSwift in Frameworks */,
				EE3D10A02940199E0010181B /* GoogleSignIn in Frameworks */,
				EE3D108B29400A800010181B /* FirebaseCrashlytics in Frameworks */,
				EE3D109329400A800010181B /* FirebaseMessaging in Frameworks */,
				EEBEAB3F2977F6350069E5FD /* Swinject in Frameworks */,
				EE76BB482946E466001232ED /* FirebaseFirestoreSwift in Frameworks */,
				EE3D108729400A800010181B /* FirebaseAnalytics in Frameworks */,
				EE3D108D29400A800010181B /* FirebaseDatabase in Frameworks */,
				EE3D108929400A800010181B /* FirebaseAuth in Frameworks */,
				EE3D109129400A800010181B /* FirebaseFirestore in Frameworks */,
				EED2EBA6297E4E6B0093801F /* Lottie in Frameworks */,
			);
			runOnlyForDeploymentPostprocessing = 0;
		};
/* End PBXFrameworksBuildPhase section */

/* Begin PBXGroup section */
		EE2E1A5A2961EBAC009F4F33 /* IncazeWatch Watch App */ = {
			isa = PBXGroup;
			children = (
				EE2E1A5B2961EBAC009F4F33 /* IncazeWatchApp.swift */,
				EE2E1A5D2961EBAC009F4F33 /* ContentView.swift */,
				EE2E1A5F2961EBAE009F4F33 /* Assets.xcassets */,
				EE2E1A612961EBAE009F4F33 /* Preview Content */,
			);
			path = "IncazeWatch Watch App";
			sourceTree = "<group>";
		};
		EE2E1A612961EBAE009F4F33 /* Preview Content */ = {
			isa = PBXGroup;
			children = (
				EE2E1A622961EBAE009F4F33 /* Preview Assets.xcassets */,
			);
			path = "Preview Content";
			sourceTree = "<group>";
		};
		EE2E1A6729620227009F4F33 /* SearchUser */ = {
			isa = PBXGroup;
			children = (
				EEEDDCD129598E090047F3BB /* SearchView.swift */,
				EE2E1A6829620240009F4F33 /* SearchViewModel.swift */,
			);
			path = SearchUser;
			sourceTree = "<group>";
		};
		EE302724296C4889009A7F6B /* Running */ = {
			isa = PBXGroup;
			children = (
				EED2EBB0297E64A50093801F /* New Group */,
				EE302725296C48B3009A7F6B /* RunningViewModel.swift */,
				EE14866D295DD5150034F939 /* TwoPlayerRunningView.swift */,
			);
			path = Running;
			sourceTree = "<group>";
		};
		EE302727296C5E57009A7F6B /* Repository */ = {
			isa = PBXGroup;
			children = (
				EEF14A872984E7D500368DE1 /* Crew */,
				EE57A498297CCC4B00051DBB /* Matching */,
				EEFAAFAB297B8E67006AD71B /* Running */,
				EE302728296C5E61009A7F6B /* CoreData */,
				EEDACCB22980E49A00216302 /* HealthDataRepository.swift */,
			);
			path = Repository;
			sourceTree = "<group>";
		};
		EE302728296C5E61009A7F6B /* CoreData */ = {
			isa = PBXGroup;
			children = (
				EE302729296C5FD8009A7F6B /* Incaze.xcdatamodeld */,
			);
			path = CoreData;
			sourceTree = "<group>";
		};
		EE3D10652940019D0010181B = {
			isa = PBXGroup;
			children = (
				EE3D10702940019E0010181B /* Incaze */,
				EE2E1A5A2961EBAC009F4F33 /* IncazeWatch Watch App */,
				EE3D106F2940019E0010181B /* Products */,
				EE76BB462946E466001232ED /* Frameworks */,
			);
			sourceTree = "<group>";
		};
		EE3D106F2940019E0010181B /* Products */ = {
			isa = PBXGroup;
			children = (
				EE3D106E2940019E0010181B /* Incaze.app */,
				EE2E1A592961EBAC009F4F33 /* IncazeWatch Watch App.app */,
			);
			name = Products;
			sourceTree = "<group>";
		};
		EE3D10702940019E0010181B /* Incaze */ = {
			isa = PBXGroup;
			children = (
				EE43B8D42941A5E1006F5113 /* Configuration */,
				EE3D10A129401B5D0010181B /* Info.plist */,
				EE3D1082294006290010181B /* Shared */,
				EE3D1081294005F90010181B /* WatchOS */,
				EE3D1080294005EF0010181B /* iOS */,
				EE3D10712940019E0010181B /* IncazeApp.swift */,
				EE3D10732940019E0010181B /* ContentView.swift */,
				EE3D10752940019E0010181B /* Assets.xcassets */,
				EE0930ED296B55D300455CEC /* giphy-unscreen.gif */,
				EE3D10B1294030730010181B /* GoogleService-Info.plist */,
				EE3D10772940019E0010181B /* Incaze.entitlements */,
				EE3D10782940019E0010181B /* Preview Content */,
				EE0930EF296B560E00455CEC /* DogGifImageView.swift */,
			);
			path = Incaze;
			sourceTree = "<group>";
		};
		EE3D10782940019E0010181B /* Preview Content */ = {
			isa = PBXGroup;
			children = (
				EE3D10792940019E0010181B /* Preview Assets.xcassets */,
			);
			path = "Preview Content";
			sourceTree = "<group>";
		};
		EE3D1080294005EF0010181B /* iOS */ = {
			isa = PBXGroup;
			children = (
				EEE90E922976B58E00157A29 /* Practice */,
				EE302727296C5E57009A7F6B /* Repository */,
				EEF449112966CEC90014687E /* Temp */,
				EE6023862940683A00472CD2 /* Model */,
				EE3D10A229401B8E0010181B /* View */,
				EE3D1097294011730010181B /* Services */,
				EE3D1094294010E30010181B /* DI */,
				EEFDE016294F209B00A8D142 /* PracticeView.swift */,
			);
			path = iOS;
			sourceTree = "<group>";
		};
		EE3D1081294005F90010181B /* WatchOS */ = {
			isa = PBXGroup;
			children = (
			);
			path = WatchOS;
			sourceTree = "<group>";
		};
		EE3D1082294006290010181B /* Shared */ = {
			isa = PBXGroup;
			children = (
			);
			path = Shared;
			sourceTree = "<group>";
		};
		EE3D1094294010E30010181B /* DI */ = {
			isa = PBXGroup;
			children = (
				EE3D1095294010FB0010181B /* ServiceProvider.swift */,
				EE5339922978B22700CDB5A5 /* DependencyManager.swift */,
			);
			path = DI;
			sourceTree = "<group>";
		};
		EE3D1097294011730010181B /* Services */ = {
			isa = PBXGroup;
			children = (
				EEF14A862984E7A200368DE1 /* Crew */,
				EEDACCB12980E46300216302 /* HealthKit */,
				EECA0ED8296C06D0004124BE /* Location */,
				EE3D1098294011820010181B /* AuthService */,
			);
			path = Services;
			sourceTree = "<group>";
		};
		EE3D1098294011820010181B /* AuthService */ = {
			isa = PBXGroup;
			children = (
				EE3D1099294011920010181B /* AuthService.swift */,
				EE3D109B294015910010181B /* GoogleAuthService.swift */,
			);
			path = AuthService;
			sourceTree = "<group>";
		};
		EE3D10A229401B8E0010181B /* View */ = {
			isa = PBXGroup;
			children = (
				EED2EBBC297E6ECE0093801F /* MyPage */,
				EE302724296C4889009A7F6B /* Running */,
				EE2E1A6729620227009F4F33 /* SearchUser */,
				EE6C51782949557500028754 /* Component */,
				EE60238329405F8600472CD2 /* Crew */,
				EE3D10AA294025A80010181B /* Home */,
				EE3D10A329401BA10010181B /* Onboarding */,
				EED2EBBA297E6E500093801F /* TabbarView.swift */,
			);
			path = View;
			sourceTree = "<group>";
		};
		EE3D10A329401BA10010181B /* Onboarding */ = {
			isa = PBXGroup;
			children = (
				EE3D10A429401BB00010181B /* Login */,
			);
			path = Onboarding;
			sourceTree = "<group>";
		};
		EE3D10A429401BB00010181B /* Login */ = {
			isa = PBXGroup;
			children = (
				EE3D10A7294021E10010181B /* Component */,
				EE3D10A529401BD50010181B /* LoginViewModel.swift */,
				EE3D10AF294027E00010181B /* LoginView.swift */,
			);
			path = Login;
			sourceTree = "<group>";
		};
		EE3D10A7294021E10010181B /* Component */ = {
			isa = PBXGroup;
			children = (
				EE3D10A8294022010010181B /* GoogleSignInButton.swift */,
			);
			path = Component;
			sourceTree = "<group>";
		};
		EE3D10AA294025A80010181B /* Home */ = {
			isa = PBXGroup;
			children = (
				EE3D10AD294025E80010181B /* HomeView.swift */,
			);
			path = Home;
			sourceTree = "<group>";
		};
		EE43B8D42941A5E1006F5113 /* Configuration */ = {
			isa = PBXGroup;
			children = (
				EED2EBB3297E66420093801F /* LottieAsset */,
				EEDBFB61295D56F40056B14B /* Util */,
				EE43B8D52941A7FB006F5113 /* Key.swift */,
				EE43B8D72941A834006F5113 /* UserManager.swift */,
			);
			path = Configuration;
			sourceTree = "<group>";
		};
		EE48C3702982DA01004D594A /* NewCrew */ = {
			isa = PBXGroup;
			children = (
				EE48C36C2982CDC3004D594A /* NewCrewAlertView.swift */,
			);
			path = NewCrew;
			sourceTree = "<group>";
		};
		EE48C3712982DA12004D594A /* CrewDetail */ = {
			isa = PBXGroup;
			children = (
				EECE28DB2984BF1800E2F566 /* Cell */,
				EE48C3722982DA36004D594A /* CrewDetailView.swift */,
				EE48C3742982DECB004D594A /* CrewInfoHeaderView.swift */,
				EE1288A6298430510048152A /* CrewDetailViewModel.swift */,
			);
			path = CrewDetail;
			sourceTree = "<group>";
		};
		EE57A498297CCC4B00051DBB /* Matching */ = {
			isa = PBXGroup;
			children = (
				EE57A499297CCC6100051DBB /* MatchingRepository.swift */,
			);
			path = Matching;
			sourceTree = "<group>";
		};
		EE60238329405F8600472CD2 /* Crew */ = {
			isa = PBXGroup;
			children = (
				EECE28D32984B6E800E2F566 /* CrewList */,
				EE48C3712982DA12004D594A /* CrewDetail */,
				EE48C3702982DA01004D594A /* NewCrew */,
				EE60238429405FC300472CD2 /* BoardListView.swift */,
				EE602389294080B100472CD2 /* BoardListViewModel.swift */,
				EE48C36E2982D096004D594A /* CustomTextField.swift */,
			);
			path = Crew;
			sourceTree = "<group>";
		};
		EE6023862940683A00472CD2 /* Model */ = {
			isa = PBXGroup;
			children = (
				EE6023872940684400472CD2 /* User.swift */,
				EE60238B2940870B00472CD2 /* Room.swift */,
				EE5339962978BAD700CDB5A5 /* Parameters.swift */,
				EE5339982978BAE800CDB5A5 /* Power.swift */,
				EE53399A2978BB1F00CDB5A5 /* Energy.swift */,
				EE53399C2978BB3800CDB5A5 /* Weight.swift */,
				EECE28D62984B72A00E2F566 /* CrewModel.swift */,
			);
			path = Model;
			sourceTree = "<group>";
		};
		EE6C51782949557500028754 /* Component */ = {
			isa = PBXGroup;
			children = (
				EE6C51792949558700028754 /* RingShape.swift */,
				EE6C517C294956CD00028754 /* Ring.swift */,
				EE6C517E2949585F00028754 /* CustomRingView.swift */,
				EEDBFB64295D6D490056B14B /* SearchTargetView.swift */,
				EED6B4B72978E38E00AA1D17 /* SpeedView.swift */,
				EE28058629799860007F0ADF /* ClockView.swift */,
				EED2EBA7297E4EB30093801F /* TimesUpView.swift */,
				EED2EBAB297E4FD90093801F /* LottieView.swift */,
				EED2EBB6297E66B00093801F /* BasicRunnerView.swift */,
				EE48C3662982CBEE004D594A /* ReactiveButtonStyle.swift */,
				EE48C3682982CC87004D594A /* CustomAlertModifier.swift */,
				EE48C36A2982CCB0004D594A /* CustomAlert.swift */,
			);
			path = Component;
			sourceTree = "<group>";
		};
		EE76BB462946E466001232ED /* Frameworks */ = {
			isa = PBXGroup;
			children = (
			);
			name = Frameworks;
			sourceTree = "<group>";
		};
		EECA0ED8296C06D0004124BE /* Location */ = {
			isa = PBXGroup;
			children = (
				EECA0ED9296C06FB004124BE /* LocationPermission.swift */,
				EECA0EDB296C0894004124BE /* LocationService.swift */,
				EE5339942978B8D500CDB5A5 /* RunService.swift */,
				EE5339A22978C8FB00CDB5A5 /* Settings.swift */,
			);
			path = Location;
			sourceTree = "<group>";
		};
		EECE28D32984B6E800E2F566 /* CrewList */ = {
			isa = PBXGroup;
			children = (
				EECE28D82984BEA800E2F566 /* Cell */,
				EECE28D12984B64B00E2F566 /* CrewListView.swift */,
				EECE28D42984B6F900E2F566 /* CrewListViewModel.swift */,
			);
			path = CrewList;
			sourceTree = "<group>";
		};
		EECE28D82984BEA800E2F566 /* Cell */ = {
			isa = PBXGroup;
			children = (
				EECE28D92984BEBA00E2F566 /* CrewListCellView.swift */,
			);
			path = Cell;
			sourceTree = "<group>";
		};
		EECE28DB2984BF1800E2F566 /* Cell */ = {
			isa = PBXGroup;
			children = (
				EE1288A429842D480048152A /* CrewPlayerCellView.swift */,
			);
			path = Cell;
			sourceTree = "<group>";
		};
		EED2EBAD297E595C0093801F /* extension */ = {
			isa = PBXGroup;
			children = (
				EEDBFB62295D57040056B14B /* View+.swift */,
				EE60FB192974C84D004F82E2 /* AnyTransition+SlideInOut.swift */,
				EE5339A42978CF9C00CDB5A5 /* UIVIewController+CustomAlert.swift */,
				EE01AA37297967E600856C26 /* Binding+.swift */,
				EEFAAFAE297B9847006AD71B /* DatabaseReference+ToAnyPublisher.swift */,
				EEF14A8A2984ED7200368DE1 /* Encodable+asDictionary.swift */,
			);
			path = extension;
			sourceTree = "<group>";
		};
		EED2EBB0297E64A50093801F /* New Group */ = {
			isa = PBXGroup;
			children = (
				EED2EBB1297E64C70093801F /* RunEndModalView.swift */,
			);
			name = "New Group";
			sourceTree = "<group>";
		};
		EED2EBB3297E66420093801F /* LottieAsset */ = {
			isa = PBXGroup;
			children = (
				EED2EBA9297E4F070093801F /* TimesUp.json */,
				EED2EBB4297E66610093801F /* BasicRunner.json */,
				EED2EBB8297E6B550093801F /* SpaceMan.json */,
				EEE14184297E9BE000EAB656 /* JeepCar.json */,
				EEDF74792980ED8300AC6BDB /* jewel.json */,
				EEDF747B2980EE6B00AC6BDB /* Fire.json */,
			);
			path = LottieAsset;
			sourceTree = "<group>";
		};
		EED2EBBC297E6ECE0093801F /* MyPage */ = {
			isa = PBXGroup;
			children = (
				EEDC2F7A297EF06400719E9A /* Cell */,
				EED2EBBD297E6EE30093801F /* MyPageView.swift */,
				EED2EBBF297E7ABF0093801F /* PagingTabView.swift */,
			);
			path = MyPage;
			sourceTree = "<group>";
		};
		EEDACCB12980E46300216302 /* HealthKit */ = {
			isa = PBXGroup;
			children = (
			);
			path = HealthKit;
			sourceTree = "<group>";
		};
		EEDBFB61295D56F40056B14B /* Util */ = {
			isa = PBXGroup;
			children = (
				EED2EBAD297E595C0093801F /* extension */,
				EE53399E2978BC4400CDB5A5 /* Timer.swift */,
				EE5339A02978C2D600CDB5A5 /* Formatters.swift */,
				EED2EBAE297E59800093801F /* NavigationUtil.swift */,
			);
			path = Util;
			sourceTree = "<group>";
		};
		EEDC2F7A297EF06400719E9A /* Cell */ = {
			isa = PBXGroup;
			children = (
				EEDC2F7B297EF0E600719E9A /* RecentButtonCellView.swift */,
				EE9C56B229801921006F36ED /* LocationInfoCellView.swift */,
				EE9C56B429801AA8006F36ED /* TermsOfUseCellView.swift */,
			);
			path = Cell;
			sourceTree = "<group>";
		};
		EEE90E922976B58E00157A29 /* Practice */ = {
			isa = PBXGroup;
			children = (
				EEFD94122959F7420064AD31 /* FlipView.swift */,
				EE144000295B3FC7005E6898 /* MapView.swift */,
				EEDBFB66295D73F70056B14B /* MeleeRunView.swift */,
				EEDBFB68295D7E400056B14B /* RunTrackingView.swift */,
				EEDBFB6A295D8E5D0056B14B /* TestView.swift */,
				EE14866B295DD4750034F939 /* EarthAnimationCode.swift */,
			);
			path = Practice;
			sourceTree = "<group>";
		};
		EEF14A862984E7A200368DE1 /* Crew */ = {
			isa = PBXGroup;
			children = (
				EEF14A8C2984EF3A00368DE1 /* CrewService.swift */,
			);
			path = Crew;
			sourceTree = "<group>";
		};
		EEF14A872984E7D500368DE1 /* Crew */ = {
			isa = PBXGroup;
			children = (
				EEF14A882984E7F600368DE1 /* CrewRepository.swift */,
			);
			path = Crew;
			sourceTree = "<group>";
		};
		EEF449112966CEC90014687E /* Temp */ = {
			isa = PBXGroup;
			children = (
				EEF449132966CEEE0014687E /* QuizAnswerButtonView.swift */,
				EEF449162966CEF70014687E /* StartQuizModalView.swift */,
				EEF449172966CEF80014687E /* TimerView.swift */,
				EEF4491C2966D37E0014687E /* ClientQuizView.swift */,
				EEF449122966CEEE0014687E /* QuizProgressView.swift */,
			);
			path = Temp;
			sourceTree = "<group>";
		};
		EEFAAFAB297B8E67006AD71B /* Running */ = {
			isa = PBXGroup;
			children = (
				EEFAAFAC297B8ECD006AD71B /* RunningRepository.swift */,
			);
			path = Running;
			sourceTree = "<group>";
		};
/* End PBXGroup section */

/* Begin PBXNativeTarget section */
		EE2E1A582961EBAC009F4F33 /* IncazeWatch Watch App */ = {
			isa = PBXNativeTarget;
			buildConfigurationList = EE2E1A662961EBAE009F4F33 /* Build configuration list for PBXNativeTarget "IncazeWatch Watch App" */;
			buildPhases = (
				EE2E1A552961EBAC009F4F33 /* Sources */,
				EE2E1A562961EBAC009F4F33 /* Frameworks */,
				EE2E1A572961EBAC009F4F33 /* Resources */,
			);
			buildRules = (
			);
			dependencies = (
			);
			name = "IncazeWatch Watch App";
			productName = "IncazeWatch Watch App";
			productReference = EE2E1A592961EBAC009F4F33 /* IncazeWatch Watch App.app */;
			productType = "com.apple.product-type.application";
		};
		EE3D106D2940019E0010181B /* Incaze */ = {
			isa = PBXNativeTarget;
			buildConfigurationList = EE3D107D2940019E0010181B /* Build configuration list for PBXNativeTarget "Incaze" */;
			buildPhases = (
				EE3D106A2940019E0010181B /* Sources */,
				EE3D106B2940019E0010181B /* Frameworks */,
				EE3D106C2940019E0010181B /* Resources */,
			);
			buildRules = (
			);
			dependencies = (
			);
			name = Incaze;
			packageProductDependencies = (
				EE3D108629400A800010181B /* FirebaseAnalytics */,
				EE3D108829400A800010181B /* FirebaseAuth */,
				EE3D108A29400A800010181B /* FirebaseCrashlytics */,
				EE3D108C29400A800010181B /* FirebaseDatabase */,
				EE3D108E29400A800010181B /* FirebaseDatabaseSwift */,
				EE3D109029400A800010181B /* FirebaseFirestore */,
				EE3D109229400A800010181B /* FirebaseMessaging */,
				EE3D109F2940199E0010181B /* GoogleSignIn */,
				EEE2A4EE2941B0810050B91E /* KeychainSwift */,
				EE76BB472946E466001232ED /* FirebaseFirestoreSwift */,
				EEBEAB3E2977F6350069E5FD /* Swinject */,
				EED2EBA5297E4E6B0093801F /* Lottie */,
			);
			productName = Incaze;
			productReference = EE3D106E2940019E0010181B /* Incaze.app */;
			productType = "com.apple.product-type.application";
		};
/* End PBXNativeTarget section */

/* Begin PBXProject section */
		EE3D10662940019D0010181B /* Project object */ = {
			isa = PBXProject;
			attributes = {
				BuildIndependentTargetsInParallel = 1;
				LastSwiftUpdateCheck = 1420;
				LastUpgradeCheck = 1410;
				TargetAttributes = {
					EE2E1A582961EBAC009F4F33 = {
						CreatedOnToolsVersion = 14.2;
					};
					EE3D106D2940019E0010181B = {
						CreatedOnToolsVersion = 14.1;
					};
				};
			};
			buildConfigurationList = EE3D10692940019D0010181B /* Build configuration list for PBXProject "Incaze" */;
			compatibilityVersion = "Xcode 14.0";
			developmentRegion = en;
			hasScannedForEncodings = 0;
			knownRegions = (
				en,
				Base,
			);
			mainGroup = EE3D10652940019D0010181B;
			packageReferences = (
				EE3D108529400A800010181B /* XCRemoteSwiftPackageReference "firebase-ios-sdk" */,
				EE3D109E2940199E0010181B /* XCRemoteSwiftPackageReference "GoogleSignin-iOS" */,
				EEE2A4ED2941B0810050B91E /* XCRemoteSwiftPackageReference "keychain-swift" */,
				EEBEAB3D2977F6350069E5FD /* XCRemoteSwiftPackageReference "Swinject" */,
				EED2EBA4297E4E6B0093801F /* XCRemoteSwiftPackageReference "lottie-spm" */,
			);
			productRefGroup = EE3D106F2940019E0010181B /* Products */;
			projectDirPath = "";
			projectRoot = "";
			targets = (
				EE3D106D2940019E0010181B /* Incaze */,
				EE2E1A582961EBAC009F4F33 /* IncazeWatch Watch App */,
			);
		};
/* End PBXProject section */

/* Begin PBXResourcesBuildPhase section */
		EE2E1A572961EBAC009F4F33 /* Resources */ = {
			isa = PBXResourcesBuildPhase;
			buildActionMask = 2147483647;
			files = (
				EE2E1A632961EBAE009F4F33 /* Preview Assets.xcassets in Resources */,
				EE2E1A602961EBAE009F4F33 /* Assets.xcassets in Resources */,
			);
			runOnlyForDeploymentPostprocessing = 0;
		};
		EE3D106C2940019E0010181B /* Resources */ = {
			isa = PBXResourcesBuildPhase;
			buildActionMask = 2147483647;
			files = (
				EED2EBAA297E4F070093801F /* TimesUp.json in Resources */,
				EE3D107A2940019E0010181B /* Preview Assets.xcassets in Resources */,
				EE3D10762940019E0010181B /* Assets.xcassets in Resources */,
				EED2EBB9297E6B550093801F /* SpaceMan.json in Resources */,
				EE3D10B2294030730010181B /* GoogleService-Info.plist in Resources */,
				EED2EBB5297E66610093801F /* BasicRunner.json in Resources */,
				EEDF747A2980ED8300AC6BDB /* jewel.json in Resources */,
				EEE14185297E9BE000EAB656 /* JeepCar.json in Resources */,
				EE0930EE296B55D300455CEC /* giphy-unscreen.gif in Resources */,
				EEDF747C2980EE6B00AC6BDB /* Fire.json in Resources */,
			);
			runOnlyForDeploymentPostprocessing = 0;
		};
/* End PBXResourcesBuildPhase section */

/* Begin PBXSourcesBuildPhase section */
		EE2E1A552961EBAC009F4F33 /* Sources */ = {
			isa = PBXSourcesBuildPhase;
			buildActionMask = 2147483647;
			files = (
				EE2E1A5E2961EBAC009F4F33 /* ContentView.swift in Sources */,
				EE2E1A5C2961EBAC009F4F33 /* IncazeWatchApp.swift in Sources */,
			);
			runOnlyForDeploymentPostprocessing = 0;
		};
		EE3D106A2940019E0010181B /* Sources */ = {
			isa = PBXSourcesBuildPhase;
			buildActionMask = 2147483647;
			files = (
				EEEDDCD229598E090047F3BB /* SearchView.swift in Sources */,
				EEFD94132959F7420064AD31 /* FlipView.swift in Sources */,
				EE57A49A297CCC6100051DBB /* MatchingRepository.swift in Sources */,
				EE48C3692982CC87004D594A /* CustomAlertModifier.swift in Sources */,
				EE3D109C294015910010181B /* GoogleAuthService.swift in Sources */,
				EE5339A32978C8FB00CDB5A5 /* Settings.swift in Sources */,
				EEF14A892984E7F600368DE1 /* CrewRepository.swift in Sources */,
				EE144001295B3FC7005E6898 /* MapView.swift in Sources */,
				EEDBFB67295D73F70056B14B /* MeleeRunView.swift in Sources */,
				EE48C3752982DECB004D594A /* CrewInfoHeaderView.swift in Sources */,
				EE48C36D2982CDC3004D594A /* NewCrewAlertView.swift in Sources */,
				EECA0EDA296C06FB004124BE /* LocationPermission.swift in Sources */,
				EED2EBA8297E4EB30093801F /* TimesUpView.swift in Sources */,
				EED2EBBE297E6EE30093801F /* MyPageView.swift in Sources */,
				EE28058729799861007F0ADF /* ClockView.swift in Sources */,
				EEF449152966CEEE0014687E /* QuizAnswerButtonView.swift in Sources */,
				EE5339992978BAE800CDB5A5 /* Power.swift in Sources */,
				EED2EBAC297E4FD90093801F /* LottieView.swift in Sources */,
				EECE28D72984B72B00E2F566 /* CrewModel.swift in Sources */,
				EEDBFB63295D57040056B14B /* View+.swift in Sources */,
				EEF449182966CEF80014687E /* StartQuizModalView.swift in Sources */,
				EE2E1A6929620240009F4F33 /* SearchViewModel.swift in Sources */,
				EEF14A8D2984EF3A00368DE1 /* CrewService.swift in Sources */,
				EED2EBC0297E7ABF0093801F /* PagingTabView.swift in Sources */,
				EE60238529405FC300472CD2 /* BoardListView.swift in Sources */,
				EED2EBAF297E59800093801F /* NavigationUtil.swift in Sources */,
				EEF4491D2966D37E0014687E /* ClientQuizView.swift in Sources */,
				EEDC2F7C297EF0E600719E9A /* RecentButtonCellView.swift in Sources */,
				EE0930F0296B560E00455CEC /* DogGifImageView.swift in Sources */,
				EE5339932978B22700CDB5A5 /* DependencyManager.swift in Sources */,
				EECE28D52984B6F900E2F566 /* CrewListViewModel.swift in Sources */,
				EE3D1096294010FB0010181B /* ServiceProvider.swift in Sources */,
				EE43B8D82941A834006F5113 /* UserManager.swift in Sources */,
				EE6C517D294956CD00028754 /* Ring.swift in Sources */,
				EE48C3732982DA36004D594A /* CrewDetailView.swift in Sources */,
				EEDBFB65295D6D490056B14B /* SearchTargetView.swift in Sources */,
				EE3D10A629401BD50010181B /* LoginViewModel.swift in Sources */,
				EE3D10B0294027E00010181B /* LoginView.swift in Sources */,
				EED2EBB7297E66B00093801F /* BasicRunnerView.swift in Sources */,
				EE9C56B529801AA8006F36ED /* TermsOfUseCellView.swift in Sources */,
				EE3D10742940019E0010181B /* ContentView.swift in Sources */,
				EE60238C2940870B00472CD2 /* Room.swift in Sources */,
				EEDACCB32980E49A00216302 /* HealthDataRepository.swift in Sources */,
				EE6C517F2949585F00028754 /* CustomRingView.swift in Sources */,
				EED2EBB2297E64C70093801F /* RunEndModalView.swift in Sources */,
				EE302726296C48B3009A7F6B /* RunningViewModel.swift in Sources */,
				EE48C36B2982CCB0004D594A /* CustomAlert.swift in Sources */,
				EECA0EDC296C0894004124BE /* LocationService.swift in Sources */,
				EE5339952978B8D500CDB5A5 /* RunService.swift in Sources */,
				EE14866E295DD5150034F939 /* TwoPlayerRunningView.swift in Sources */,
				EE48C36F2982D096004D594A /* CustomTextField.swift in Sources */,
				EED2EBBB297E6E500093801F /* TabbarView.swift in Sources */,
				EE43B8D62941A7FB006F5113 /* Key.swift in Sources */,
				EEFAAFAD297B8ECD006AD71B /* RunningRepository.swift in Sources */,
				EE3D10722940019E0010181B /* IncazeApp.swift in Sources */,
				EEFAAFAF297B9847006AD71B /* DatabaseReference+ToAnyPublisher.swift in Sources */,
				EE14866C295DD4750034F939 /* EarthAnimationCode.swift in Sources */,
				EE5339A52978CF9C00CDB5A5 /* UIVIewController+CustomAlert.swift in Sources */,
				EE30272B296C5FD8009A7F6B /* Incaze.xcdatamodeld in Sources */,
				EE01AA38297967E600856C26 /* Binding+.swift in Sources */,
				EE60FB1A2974C84D004F82E2 /* AnyTransition+SlideInOut.swift in Sources */,
				EECE28D22984B64B00E2F566 /* CrewListView.swift in Sources */,
				EE53399B2978BB1F00CDB5A5 /* Energy.swift in Sources */,
				EE60238A294080B100472CD2 /* BoardListViewModel.swift in Sources */,
				EE1288A529842D480048152A /* CrewPlayerCellView.swift in Sources */,
				EEF449192966CEF80014687E /* TimerView.swift in Sources */,
				EE6C517A2949558700028754 /* RingShape.swift in Sources */,
				EE5339972978BAD700CDB5A5 /* Parameters.swift in Sources */,
				EEF449142966CEEE0014687E /* QuizProgressView.swift in Sources */,
				EE3D10AE294025E80010181B /* HomeView.swift in Sources */,
				EEF14A8B2984ED7200368DE1 /* Encodable+asDictionary.swift in Sources */,
				EEDBFB69295D7E400056B14B /* RunTrackingView.swift in Sources */,
				EECE28DA2984BEBA00E2F566 /* CrewListCellView.swift in Sources */,
				EE5339A12978C2D600CDB5A5 /* Formatters.swift in Sources */,
				EE3D109A294011920010181B /* AuthService.swift in Sources */,
				EE1288A7298430510048152A /* CrewDetailViewModel.swift in Sources */,
				EE9C56B329801921006F36ED /* LocationInfoCellView.swift in Sources */,
				EE48C3672982CBEE004D594A /* ReactiveButtonStyle.swift in Sources */,
				EE3D10A9294022010010181B /* GoogleSignInButton.swift in Sources */,
				EED6B4B82978E38E00AA1D17 /* SpeedView.swift in Sources */,
				EE53399F2978BC4400CDB5A5 /* Timer.swift in Sources */,
				EEDBFB6B295D8E5D0056B14B /* TestView.swift in Sources */,
				EEFDE017294F209B00A8D142 /* PracticeView.swift in Sources */,
				EE6023882940684400472CD2 /* User.swift in Sources */,
				EE53399D2978BB3800CDB5A5 /* Weight.swift in Sources */,
			);
			runOnlyForDeploymentPostprocessing = 0;
		};
/* End PBXSourcesBuildPhase section */

/* Begin XCBuildConfiguration section */
		EE2E1A642961EBAE009F4F33 /* Debug */ = {
			isa = XCBuildConfiguration;
			buildSettings = {
				ASSETCATALOG_COMPILER_APPICON_NAME = AppIcon;
				ASSETCATALOG_COMPILER_GLOBAL_ACCENT_COLOR_NAME = AccentColor;
				CODE_SIGN_STYLE = Automatic;
				CURRENT_PROJECT_VERSION = 1;
				DEVELOPMENT_ASSET_PATHS = "\"IncazeWatch Watch App/Preview Content\"";
				DEVELOPMENT_TEAM = Q57K6D2JP2;
				ENABLE_PREVIEWS = YES;
				GENERATE_INFOPLIST_FILE = YES;
				INFOPLIST_KEY_CFBundleDisplayName = IncazeWatch;
				INFOPLIST_KEY_UISupportedInterfaceOrientations = "UIInterfaceOrientationPortrait UIInterfaceOrientationPortraitUpsideDown";
				INFOPLIST_KEY_WKCompanionAppBundleIdentifier = "";
				LD_RUNPATH_SEARCH_PATHS = (
					"$(inherited)",
					"@executable_path/Frameworks",
				);
				MARKETING_VERSION = 1.0;
				PRODUCT_BUNDLE_IDENTIFIER = .watchkitapp;
				PRODUCT_NAME = "$(TARGET_NAME)";
				SDKROOT = watchos;
				SKIP_INSTALL = YES;
				SWIFT_EMIT_LOC_STRINGS = YES;
				SWIFT_VERSION = 5.0;
				TARGETED_DEVICE_FAMILY = 4;
				WATCHOS_DEPLOYMENT_TARGET = 7.0;
			};
			name = Debug;
		};
		EE2E1A652961EBAE009F4F33 /* Release */ = {
			isa = XCBuildConfiguration;
			buildSettings = {
				ASSETCATALOG_COMPILER_APPICON_NAME = AppIcon;
				ASSETCATALOG_COMPILER_GLOBAL_ACCENT_COLOR_NAME = AccentColor;
				CODE_SIGN_STYLE = Automatic;
				CURRENT_PROJECT_VERSION = 1;
				DEVELOPMENT_ASSET_PATHS = "\"IncazeWatch Watch App/Preview Content\"";
				DEVELOPMENT_TEAM = Q57K6D2JP2;
				ENABLE_PREVIEWS = YES;
				GENERATE_INFOPLIST_FILE = YES;
				INFOPLIST_KEY_CFBundleDisplayName = IncazeWatch;
				INFOPLIST_KEY_UISupportedInterfaceOrientations = "UIInterfaceOrientationPortrait UIInterfaceOrientationPortraitUpsideDown";
				INFOPLIST_KEY_WKCompanionAppBundleIdentifier = "";
				LD_RUNPATH_SEARCH_PATHS = (
					"$(inherited)",
					"@executable_path/Frameworks",
				);
				MARKETING_VERSION = 1.0;
				PRODUCT_BUNDLE_IDENTIFIER = .watchkitapp;
				PRODUCT_NAME = "$(TARGET_NAME)";
				SDKROOT = watchos;
				SKIP_INSTALL = YES;
				SWIFT_EMIT_LOC_STRINGS = YES;
				SWIFT_VERSION = 5.0;
				TARGETED_DEVICE_FAMILY = 4;
				VALIDATE_PRODUCT = YES;
				WATCHOS_DEPLOYMENT_TARGET = 7.0;
			};
			name = Release;
		};
		EE3D107B2940019E0010181B /* Debug */ = {
			isa = XCBuildConfiguration;
			buildSettings = {
				ALWAYS_SEARCH_USER_PATHS = NO;
				CLANG_ANALYZER_NONNULL = YES;
				CLANG_ANALYZER_NUMBER_OBJECT_CONVERSION = YES_AGGRESSIVE;
				CLANG_CXX_LANGUAGE_STANDARD = "gnu++20";
				CLANG_ENABLE_MODULES = YES;
				CLANG_ENABLE_OBJC_ARC = YES;
				CLANG_ENABLE_OBJC_WEAK = YES;
				CLANG_WARN_BLOCK_CAPTURE_AUTORELEASING = YES;
				CLANG_WARN_BOOL_CONVERSION = YES;
				CLANG_WARN_COMMA = YES;
				CLANG_WARN_CONSTANT_CONVERSION = YES;
				CLANG_WARN_DEPRECATED_OBJC_IMPLEMENTATIONS = YES;
				CLANG_WARN_DIRECT_OBJC_ISA_USAGE = YES_ERROR;
				CLANG_WARN_DOCUMENTATION_COMMENTS = YES;
				CLANG_WARN_EMPTY_BODY = YES;
				CLANG_WARN_ENUM_CONVERSION = YES;
				CLANG_WARN_INFINITE_RECURSION = YES;
				CLANG_WARN_INT_CONVERSION = YES;
				CLANG_WARN_NON_LITERAL_NULL_CONVERSION = YES;
				CLANG_WARN_OBJC_IMPLICIT_RETAIN_SELF = YES;
				CLANG_WARN_OBJC_LITERAL_CONVERSION = YES;
				CLANG_WARN_OBJC_ROOT_CLASS = YES_ERROR;
				CLANG_WARN_QUOTED_INCLUDE_IN_FRAMEWORK_HEADER = YES;
				CLANG_WARN_RANGE_LOOP_ANALYSIS = YES;
				CLANG_WARN_STRICT_PROTOTYPES = YES;
				CLANG_WARN_SUSPICIOUS_MOVE = YES;
				CLANG_WARN_UNGUARDED_AVAILABILITY = YES_AGGRESSIVE;
				CLANG_WARN_UNREACHABLE_CODE = YES;
				CLANG_WARN__DUPLICATE_METHOD_MATCH = YES;
				COPY_PHASE_STRIP = NO;
				DEBUG_INFORMATION_FORMAT = dwarf;
				ENABLE_STRICT_OBJC_MSGSEND = YES;
				ENABLE_TESTABILITY = YES;
				GCC_C_LANGUAGE_STANDARD = gnu11;
				GCC_DYNAMIC_NO_PIC = NO;
				GCC_NO_COMMON_BLOCKS = YES;
				GCC_OPTIMIZATION_LEVEL = 0;
				GCC_PREPROCESSOR_DEFINITIONS = (
					"DEBUG=1",
					"$(inherited)",
				);
				GCC_WARN_64_TO_32_BIT_CONVERSION = YES;
				GCC_WARN_ABOUT_RETURN_TYPE = YES_ERROR;
				GCC_WARN_UNDECLARED_SELECTOR = YES;
				GCC_WARN_UNINITIALIZED_AUTOS = YES_AGGRESSIVE;
				GCC_WARN_UNUSED_FUNCTION = YES;
				GCC_WARN_UNUSED_VARIABLE = YES;
				MTL_ENABLE_DEBUG_INFO = INCLUDE_SOURCE;
				MTL_FAST_MATH = YES;
				ONLY_ACTIVE_ARCH = YES;
				SWIFT_ACTIVE_COMPILATION_CONDITIONS = DEBUG;
				SWIFT_OPTIMIZATION_LEVEL = "-Onone";
			};
			name = Debug;
		};
		EE3D107C2940019E0010181B /* Release */ = {
			isa = XCBuildConfiguration;
			buildSettings = {
				ALWAYS_SEARCH_USER_PATHS = NO;
				CLANG_ANALYZER_NONNULL = YES;
				CLANG_ANALYZER_NUMBER_OBJECT_CONVERSION = YES_AGGRESSIVE;
				CLANG_CXX_LANGUAGE_STANDARD = "gnu++20";
				CLANG_ENABLE_MODULES = YES;
				CLANG_ENABLE_OBJC_ARC = YES;
				CLANG_ENABLE_OBJC_WEAK = YES;
				CLANG_WARN_BLOCK_CAPTURE_AUTORELEASING = YES;
				CLANG_WARN_BOOL_CONVERSION = YES;
				CLANG_WARN_COMMA = YES;
				CLANG_WARN_CONSTANT_CONVERSION = YES;
				CLANG_WARN_DEPRECATED_OBJC_IMPLEMENTATIONS = YES;
				CLANG_WARN_DIRECT_OBJC_ISA_USAGE = YES_ERROR;
				CLANG_WARN_DOCUMENTATION_COMMENTS = YES;
				CLANG_WARN_EMPTY_BODY = YES;
				CLANG_WARN_ENUM_CONVERSION = YES;
				CLANG_WARN_INFINITE_RECURSION = YES;
				CLANG_WARN_INT_CONVERSION = YES;
				CLANG_WARN_NON_LITERAL_NULL_CONVERSION = YES;
				CLANG_WARN_OBJC_IMPLICIT_RETAIN_SELF = YES;
				CLANG_WARN_OBJC_LITERAL_CONVERSION = YES;
				CLANG_WARN_OBJC_ROOT_CLASS = YES_ERROR;
				CLANG_WARN_QUOTED_INCLUDE_IN_FRAMEWORK_HEADER = YES;
				CLANG_WARN_RANGE_LOOP_ANALYSIS = YES;
				CLANG_WARN_STRICT_PROTOTYPES = YES;
				CLANG_WARN_SUSPICIOUS_MOVE = YES;
				CLANG_WARN_UNGUARDED_AVAILABILITY = YES_AGGRESSIVE;
				CLANG_WARN_UNREACHABLE_CODE = YES;
				CLANG_WARN__DUPLICATE_METHOD_MATCH = YES;
				COPY_PHASE_STRIP = NO;
				DEBUG_INFORMATION_FORMAT = "dwarf-with-dsym";
				ENABLE_NS_ASSERTIONS = NO;
				ENABLE_STRICT_OBJC_MSGSEND = YES;
				GCC_C_LANGUAGE_STANDARD = gnu11;
				GCC_NO_COMMON_BLOCKS = YES;
				GCC_WARN_64_TO_32_BIT_CONVERSION = YES;
				GCC_WARN_ABOUT_RETURN_TYPE = YES_ERROR;
				GCC_WARN_UNDECLARED_SELECTOR = YES;
				GCC_WARN_UNINITIALIZED_AUTOS = YES_AGGRESSIVE;
				GCC_WARN_UNUSED_FUNCTION = YES;
				GCC_WARN_UNUSED_VARIABLE = YES;
				MTL_ENABLE_DEBUG_INFO = NO;
				MTL_FAST_MATH = YES;
				SWIFT_COMPILATION_MODE = wholemodule;
				SWIFT_OPTIMIZATION_LEVEL = "-O";
			};
			name = Release;
		};
		EE3D107E2940019E0010181B /* Debug */ = {
			isa = XCBuildConfiguration;
			buildSettings = {
				ASSETCATALOG_COMPILER_APPICON_NAME = AppIcon;
				ASSETCATALOG_COMPILER_GLOBAL_ACCENT_COLOR_NAME = AccentColor;
				CODE_SIGN_ENTITLEMENTS = Incaze/Incaze.entitlements;
				CODE_SIGN_STYLE = Automatic;
				CURRENT_PROJECT_VERSION = 1;
				DEVELOPMENT_ASSET_PATHS = "\"Incaze/Preview Content\"";
				DEVELOPMENT_TEAM = Q57K6D2JP2;
				ENABLE_HARDENED_RUNTIME = YES;
				ENABLE_PREVIEWS = YES;
				GENERATE_INFOPLIST_FILE = YES;
				INFOPLIST_FILE = Incaze/Info.plist;
				INFOPLIST_KEY_NSHealthShareUsageDescription = "건강 데이터 측정을 위해 데이터 접근 권한이 필요합니다.";
				INFOPLIST_KEY_NSHealthUpdateUsageDescription = "건강 데이터 측정을 위해 데이터 접근 권한이 필요합니다.";
				INFOPLIST_KEY_NSLocationAlwaysAndWhenInUseUsageDescription = " 앱을 사용하는 동안 위치정보를 수신합니다.";
				INFOPLIST_KEY_NSLocationWhenInUseUsageDescription = " 앱을 사용하는 동안 위치정보를 수신합니다.";
				"INFOPLIST_KEY_UIApplicationSceneManifest_Generation[sdk=iphoneos*]" = YES;
				"INFOPLIST_KEY_UIApplicationSceneManifest_Generation[sdk=iphonesimulator*]" = YES;
				"INFOPLIST_KEY_UIApplicationSupportsIndirectInputEvents[sdk=iphoneos*]" = YES;
				"INFOPLIST_KEY_UIApplicationSupportsIndirectInputEvents[sdk=iphonesimulator*]" = YES;
				"INFOPLIST_KEY_UILaunchScreen_Generation[sdk=iphoneos*]" = YES;
				"INFOPLIST_KEY_UILaunchScreen_Generation[sdk=iphonesimulator*]" = YES;
				"INFOPLIST_KEY_UIStatusBarStyle[sdk=iphoneos*]" = UIStatusBarStyleDefault;
				"INFOPLIST_KEY_UIStatusBarStyle[sdk=iphonesimulator*]" = UIStatusBarStyleDefault;
				INFOPLIST_KEY_UISupportedInterfaceOrientations_iPad = "UIInterfaceOrientationPortrait UIInterfaceOrientationPortraitUpsideDown UIInterfaceOrientationLandscapeLeft UIInterfaceOrientationLandscapeRight";
				INFOPLIST_KEY_UISupportedInterfaceOrientations_iPhone = "UIInterfaceOrientationPortrait UIInterfaceOrientationLandscapeLeft UIInterfaceOrientationLandscapeRight";
				IPHONEOS_DEPLOYMENT_TARGET = 15.0;
				LD_RUNPATH_SEARCH_PATHS = "@executable_path/Frameworks";
				"LD_RUNPATH_SEARCH_PATHS[sdk=macosx*]" = "@executable_path/../Frameworks";
				MACOSX_DEPLOYMENT_TARGET = 13.0;
				MARKETING_VERSION = 1.0;
				PRODUCT_BUNDLE_IDENTIFIER = com.eigenjm.Incaze;
				PRODUCT_NAME = "$(TARGET_NAME)";
				SDKROOT = auto;
				SUPPORTED_PLATFORMS = "iphoneos iphonesimulator";
				SUPPORTS_MACCATALYST = NO;
				SUPPORTS_MAC_DESIGNED_FOR_IPHONE_IPAD = NO;
				SWIFT_EMIT_LOC_STRINGS = YES;
				SWIFT_VERSION = 5.0;
				TARGETED_DEVICE_FAMILY = "1,2";
			};
			name = Debug;
		};
		EE3D107F2940019E0010181B /* Release */ = {
			isa = XCBuildConfiguration;
			buildSettings = {
				ASSETCATALOG_COMPILER_APPICON_NAME = AppIcon;
				ASSETCATALOG_COMPILER_GLOBAL_ACCENT_COLOR_NAME = AccentColor;
				CODE_SIGN_ENTITLEMENTS = Incaze/Incaze.entitlements;
				CODE_SIGN_STYLE = Automatic;
				CURRENT_PROJECT_VERSION = 1;
				DEVELOPMENT_ASSET_PATHS = "\"Incaze/Preview Content\"";
				DEVELOPMENT_TEAM = Q57K6D2JP2;
				ENABLE_HARDENED_RUNTIME = YES;
				ENABLE_PREVIEWS = YES;
				GENERATE_INFOPLIST_FILE = YES;
				INFOPLIST_FILE = Incaze/Info.plist;
				INFOPLIST_KEY_NSHealthShareUsageDescription = "건강 데이터 측정을 위해 데이터 접근 권한이 필요합니다.";
				INFOPLIST_KEY_NSHealthUpdateUsageDescription = "건강 데이터 측정을 위해 데이터 접근 권한이 필요합니다.";
				INFOPLIST_KEY_NSLocationAlwaysAndWhenInUseUsageDescription = " 앱을 사용하는 동안 위치정보를 수신합니다.";
				INFOPLIST_KEY_NSLocationWhenInUseUsageDescription = " 앱을 사용하는 동안 위치정보를 수신합니다.";
				"INFOPLIST_KEY_UIApplicationSceneManifest_Generation[sdk=iphoneos*]" = YES;
				"INFOPLIST_KEY_UIApplicationSceneManifest_Generation[sdk=iphonesimulator*]" = YES;
				"INFOPLIST_KEY_UIApplicationSupportsIndirectInputEvents[sdk=iphoneos*]" = YES;
				"INFOPLIST_KEY_UIApplicationSupportsIndirectInputEvents[sdk=iphonesimulator*]" = YES;
				"INFOPLIST_KEY_UILaunchScreen_Generation[sdk=iphoneos*]" = YES;
				"INFOPLIST_KEY_UILaunchScreen_Generation[sdk=iphonesimulator*]" = YES;
				"INFOPLIST_KEY_UIStatusBarStyle[sdk=iphoneos*]" = UIStatusBarStyleDefault;
				"INFOPLIST_KEY_UIStatusBarStyle[sdk=iphonesimulator*]" = UIStatusBarStyleDefault;
				INFOPLIST_KEY_UISupportedInterfaceOrientations_iPad = "UIInterfaceOrientationPortrait UIInterfaceOrientationPortraitUpsideDown UIInterfaceOrientationLandscapeLeft UIInterfaceOrientationLandscapeRight";
				INFOPLIST_KEY_UISupportedInterfaceOrientations_iPhone = "UIInterfaceOrientationPortrait UIInterfaceOrientationLandscapeLeft UIInterfaceOrientationLandscapeRight";
				IPHONEOS_DEPLOYMENT_TARGET = 15.0;
				LD_RUNPATH_SEARCH_PATHS = "@executable_path/Frameworks";
				"LD_RUNPATH_SEARCH_PATHS[sdk=macosx*]" = "@executable_path/../Frameworks";
				MACOSX_DEPLOYMENT_TARGET = 13.0;
				MARKETING_VERSION = 1.0;
				PRODUCT_BUNDLE_IDENTIFIER = com.eigenjm.Incaze;
				PRODUCT_NAME = "$(TARGET_NAME)";
				SDKROOT = auto;
				SUPPORTED_PLATFORMS = "iphoneos iphonesimulator";
				SUPPORTS_MACCATALYST = NO;
				SUPPORTS_MAC_DESIGNED_FOR_IPHONE_IPAD = NO;
				SWIFT_EMIT_LOC_STRINGS = YES;
				SWIFT_VERSION = 5.0;
				TARGETED_DEVICE_FAMILY = "1,2";
			};
			name = Release;
		};
/* End XCBuildConfiguration section */

/* Begin XCConfigurationList section */
		EE2E1A662961EBAE009F4F33 /* Build configuration list for PBXNativeTarget "IncazeWatch Watch App" */ = {
			isa = XCConfigurationList;
			buildConfigurations = (
				EE2E1A642961EBAE009F4F33 /* Debug */,
				EE2E1A652961EBAE009F4F33 /* Release */,
			);
			defaultConfigurationIsVisible = 0;
			defaultConfigurationName = Release;
		};
		EE3D10692940019D0010181B /* Build configuration list for PBXProject "Incaze" */ = {
			isa = XCConfigurationList;
			buildConfigurations = (
				EE3D107B2940019E0010181B /* Debug */,
				EE3D107C2940019E0010181B /* Release */,
			);
			defaultConfigurationIsVisible = 0;
			defaultConfigurationName = Release;
		};
		EE3D107D2940019E0010181B /* Build configuration list for PBXNativeTarget "Incaze" */ = {
			isa = XCConfigurationList;
			buildConfigurations = (
				EE3D107E2940019E0010181B /* Debug */,
				EE3D107F2940019E0010181B /* Release */,
			);
			defaultConfigurationIsVisible = 0;
			defaultConfigurationName = Release;
		};
/* End XCConfigurationList section */

/* Begin XCRemoteSwiftPackageReference section */
		EE3D108529400A800010181B /* XCRemoteSwiftPackageReference "firebase-ios-sdk" */ = {
			isa = XCRemoteSwiftPackageReference;
			repositoryURL = "https://github.com/firebase/firebase-ios-sdk";
			requirement = {
				kind = upToNextMajorVersion;
				minimumVersion = 10.3.0;
			};
		};
		EE3D109E2940199E0010181B /* XCRemoteSwiftPackageReference "GoogleSignin-iOS" */ = {
			isa = XCRemoteSwiftPackageReference;
			repositoryURL = "https://github.com/google/GoogleSignin-iOS";
			requirement = {
				kind = upToNextMajorVersion;
				minimumVersion = 6.0.0;
			};
		};
		EEBEAB3D2977F6350069E5FD /* XCRemoteSwiftPackageReference "Swinject" */ = {
			isa = XCRemoteSwiftPackageReference;
			repositoryURL = "https://github.com/Swinject/Swinject.git";
			requirement = {
				kind = upToNextMajorVersion;
				minimumVersion = 2.8.0;
			};
		};
		EED2EBA4297E4E6B0093801F /* XCRemoteSwiftPackageReference "lottie-spm" */ = {
			isa = XCRemoteSwiftPackageReference;
			repositoryURL = "https://github.com/airbnb/lottie-spm.git";
			requirement = {
				kind = upToNextMajorVersion;
				minimumVersion = 4.0.0;
			};
		};
		EEE2A4ED2941B0810050B91E /* XCRemoteSwiftPackageReference "keychain-swift" */ = {
			isa = XCRemoteSwiftPackageReference;
			repositoryURL = "https://github.com/evgenyneu/keychain-swift.git";
			requirement = {
				kind = upToNextMajorVersion;
				minimumVersion = 20.0.0;
			};
		};
/* End XCRemoteSwiftPackageReference section */

/* Begin XCSwiftPackageProductDependency section */
		EE3D108629400A800010181B /* FirebaseAnalytics */ = {
			isa = XCSwiftPackageProductDependency;
			package = EE3D108529400A800010181B /* XCRemoteSwiftPackageReference "firebase-ios-sdk" */;
			productName = FirebaseAnalytics;
		};
		EE3D108829400A800010181B /* FirebaseAuth */ = {
			isa = XCSwiftPackageProductDependency;
			package = EE3D108529400A800010181B /* XCRemoteSwiftPackageReference "firebase-ios-sdk" */;
			productName = FirebaseAuth;
		};
		EE3D108A29400A800010181B /* FirebaseCrashlytics */ = {
			isa = XCSwiftPackageProductDependency;
			package = EE3D108529400A800010181B /* XCRemoteSwiftPackageReference "firebase-ios-sdk" */;
			productName = FirebaseCrashlytics;
		};
		EE3D108C29400A800010181B /* FirebaseDatabase */ = {
			isa = XCSwiftPackageProductDependency;
			package = EE3D108529400A800010181B /* XCRemoteSwiftPackageReference "firebase-ios-sdk" */;
			productName = FirebaseDatabase;
		};
		EE3D108E29400A800010181B /* FirebaseDatabaseSwift */ = {
			isa = XCSwiftPackageProductDependency;
			package = EE3D108529400A800010181B /* XCRemoteSwiftPackageReference "firebase-ios-sdk" */;
			productName = FirebaseDatabaseSwift;
		};
		EE3D109029400A800010181B /* FirebaseFirestore */ = {
			isa = XCSwiftPackageProductDependency;
			package = EE3D108529400A800010181B /* XCRemoteSwiftPackageReference "firebase-ios-sdk" */;
			productName = FirebaseFirestore;
		};
		EE3D109229400A800010181B /* FirebaseMessaging */ = {
			isa = XCSwiftPackageProductDependency;
			package = EE3D108529400A800010181B /* XCRemoteSwiftPackageReference "firebase-ios-sdk" */;
			productName = FirebaseMessaging;
		};
		EE3D109F2940199E0010181B /* GoogleSignIn */ = {
			isa = XCSwiftPackageProductDependency;
			package = EE3D109E2940199E0010181B /* XCRemoteSwiftPackageReference "GoogleSignin-iOS" */;
			productName = GoogleSignIn;
		};
		EE76BB472946E466001232ED /* FirebaseFirestoreSwift */ = {
			isa = XCSwiftPackageProductDependency;
			package = EE3D108529400A800010181B /* XCRemoteSwiftPackageReference "firebase-ios-sdk" */;
			productName = FirebaseFirestoreSwift;
		};
		EEBEAB3E2977F6350069E5FD /* Swinject */ = {
			isa = XCSwiftPackageProductDependency;
			package = EEBEAB3D2977F6350069E5FD /* XCRemoteSwiftPackageReference "Swinject" */;
			productName = Swinject;
		};
		EED2EBA5297E4E6B0093801F /* Lottie */ = {
			isa = XCSwiftPackageProductDependency;
			package = EED2EBA4297E4E6B0093801F /* XCRemoteSwiftPackageReference "lottie-spm" */;
			productName = Lottie;
		};
		EEE2A4EE2941B0810050B91E /* KeychainSwift */ = {
			isa = XCSwiftPackageProductDependency;
			package = EEE2A4ED2941B0810050B91E /* XCRemoteSwiftPackageReference "keychain-swift" */;
			productName = KeychainSwift;
		};
/* End XCSwiftPackageProductDependency section */

/* Begin XCVersionGroup section */
		EE302729296C5FD8009A7F6B /* Incaze.xcdatamodeld */ = {
			isa = XCVersionGroup;
			children = (
				EE30272A296C5FD8009A7F6B /* Incaze.xcdatamodel */,
			);
			currentVersion = EE30272A296C5FD8009A7F6B /* Incaze.xcdatamodel */;
			path = Incaze.xcdatamodeld;
			sourceTree = "<group>";
			versionGroupType = wrapper.xcdatamodel;
		};
/* End XCVersionGroup section */
	};
	rootObject = EE3D10662940019D0010181B /* Project object */;
}
